// !$*UTF8*$!
{
	archiveVersion = 1;
	classes = {
	};
	objectVersion = 54;
	objects = {

/* Begin PBXBuildFile section */
		C613CFCD269559C70061DC49 /* EmailHelper.swift in Sources */ = {isa = PBXBuildFile; fileRef = C613CFCC269559C70061DC49 /* EmailHelper.swift */; };
		C61983212A26E52A00FCBDBA /* TutorialViewModel.swift in Sources */ = {isa = PBXBuildFile; fileRef = C61983202A26E52A00FCBDBA /* TutorialViewModel.swift */; };
		C626259F2862698700E84C79 /* LoadingStatus.swift in Sources */ = {isa = PBXBuildFile; fileRef = C626259E2862698700E84C79 /* LoadingStatus.swift */; };
		C62625A12867397E00E84C79 /* CreateGroupView.swift in Sources */ = {isa = PBXBuildFile; fileRef = C62625A02867397E00E84C79 /* CreateGroupView.swift */; };
		C62625A328673B3100E84C79 /* CreateGroupViewModel.swift in Sources */ = {isa = PBXBuildFile; fileRef = C62625A228673B3100E84C79 /* CreateGroupViewModel.swift */; };
		C62625A728673F7A00E84C79 /* EmojiKeyboard.swift in Sources */ = {isa = PBXBuildFile; fileRef = C62625A628673F7A00E84C79 /* EmojiKeyboard.swift */; };
		C62625A92867418300E84C79 /* StringExtensions.swift in Sources */ = {isa = PBXBuildFile; fileRef = C62625A82867418300E84C79 /* StringExtensions.swift */; };
		C62625AB286741AB00E84C79 /* CharacterExtensions.swift in Sources */ = {isa = PBXBuildFile; fileRef = C62625AA286741AB00E84C79 /* CharacterExtensions.swift */; };
		C62625AD2867493200E84C79 /* GroupBackgroundColor.swift in Sources */ = {isa = PBXBuildFile; fileRef = C62625AC2867493200E84C79 /* GroupBackgroundColor.swift */; };
		C62625AF2867601400E84C79 /* ActivityUnit.swift in Sources */ = {isa = PBXBuildFile; fileRef = C62625AE2867601400E84C79 /* ActivityUnit.swift */; };
		C630BDF5268C2CB60066D8C3 /* Localizable.strings in Resources */ = {isa = PBXBuildFile; fileRef = C630BDF7268C2CB60066D8C3 /* Localizable.strings */; };
		C630BDFA268C313B0066D8C3 /* Localize.swift in Sources */ = {isa = PBXBuildFile; fileRef = C630BDF9268C313B0066D8C3 /* Localize.swift */; };
		C639448E279DDC4D00B2E62F /* HomeViewModel.swift in Sources */ = {isa = PBXBuildFile; fileRef = C639448D279DDC4D00B2E62F /* HomeViewModel.swift */; };
		C6401E2328E29FFA0096E002 /* GroupName.swift in Sources */ = {isa = PBXBuildFile; fileRef = C6401E2228E29FFA0096E002 /* GroupName.swift */; };
		C6401E2528E2A0030096E002 /* EmojiSelector.swift in Sources */ = {isa = PBXBuildFile; fileRef = C6401E2428E2A0030096E002 /* EmojiSelector.swift */; };
		C6401E2728E2A00D0096E002 /* GroupColor.swift in Sources */ = {isa = PBXBuildFile; fileRef = C6401E2628E2A00D0096E002 /* GroupColor.swift */; };
		C640520329F032B40054BD85 /* StatsViewModel.swift in Sources */ = {isa = PBXBuildFile; fileRef = C640520229F032B40054BD85 /* StatsViewModel.swift */; };
		C640520629F032FA0054BD85 /* CompletedChallenge.swift in Sources */ = {isa = PBXBuildFile; fileRef = C640520529F032FA0054BD85 /* CompletedChallenge.swift */; };
		C640EEF82954FDEF00C4058B /* LoadingBar.swift in Sources */ = {isa = PBXBuildFile; fileRef = C640EEF72954FDEF00C4058B /* LoadingBar.swift */; };
		C6562DE42C9919C800B7B8E5 /* ExerciseSelectionScreen.swift in Sources */ = {isa = PBXBuildFile; fileRef = C6562DE32C9919C800B7B8E5 /* ExerciseSelectionScreen.swift */; };
		C6562DE62C991F5200B7B8E5 /* ActivityWidget.swift in Sources */ = {isa = PBXBuildFile; fileRef = C6562DE52C991F5200B7B8E5 /* ActivityWidget.swift */; };
		C65A01FE26870098007A5B2F /* StartApp.swift in Sources */ = {isa = PBXBuildFile; fileRef = C65A01FD26870098007A5B2F /* StartApp.swift */; };
		C65A020026870098007A5B2F /* HomePage.swift in Sources */ = {isa = PBXBuildFile; fileRef = C65A01FF26870098007A5B2F /* HomePage.swift */; };
		C65A020226870099007A5B2F /* Assets.xcassets in Resources */ = {isa = PBXBuildFile; fileRef = C65A020126870099007A5B2F /* Assets.xcassets */; };
		C65A020526870099007A5B2F /* Preview Assets.xcassets in Resources */ = {isa = PBXBuildFile; fileRef = C65A020426870099007A5B2F /* Preview Assets.xcassets */; };
		C65E6EFE2D3612DF004CC347 /* RangeSlider in Frameworks */ = {isa = PBXBuildFile; productRef = C65E6EFD2D3612DF004CC347 /* RangeSlider */; };
		C65E6F012D361D15004CC347 /* RangeSlider in Frameworks */ = {isa = PBXBuildFile; productRef = C65E6F002D361D15004CC347 /* RangeSlider */; };
		C6620063278A58D9000AF577 /* EditActivity.swift in Sources */ = {isa = PBXBuildFile; fileRef = C6620062278A58D9000AF577 /* EditActivity.swift */; };
		C66424D027B856A700B574D7 /* Complete.swift in Sources */ = {isa = PBXBuildFile; fileRef = C66424CF27B856A700B574D7 /* Complete.swift */; };
		C664A937279A156400EE2195 /* ActivityTemplate.swift in Sources */ = {isa = PBXBuildFile; fileRef = C664A936279A156400EE2195 /* ActivityTemplate.swift */; };
		C664A939279A174400EE2195 /* ActivityTemplateHelper.swift in Sources */ = {isa = PBXBuildFile; fileRef = C664A938279A174400EE2195 /* ActivityTemplateHelper.swift */; };
		C664A93F279A4D1600EE2195 /* DoubleExtensions.swift in Sources */ = {isa = PBXBuildFile; fileRef = C664A93E279A4D1600EE2195 /* DoubleExtensions.swift */; };
		C664A941279A4D6300EE2195 /* AddActivityViewModel.swift in Sources */ = {isa = PBXBuildFile; fileRef = C664A940279A4D6300EE2195 /* AddActivityViewModel.swift */; };
		C664A943279DC8CA00EE2195 /* SettingsViewModel.swift in Sources */ = {isa = PBXBuildFile; fileRef = C664A942279DC8CA00EE2195 /* SettingsViewModel.swift */; };
		C664D8EB29C3FDBD00ACA1AB /* EditIcon.swift in Sources */ = {isa = PBXBuildFile; fileRef = C664D8EA29C3FDBD00ACA1AB /* EditIcon.swift */; };
		C664D8ED29C3FE8000ACA1AB /* DaysForChallenge.swift in Sources */ = {isa = PBXBuildFile; fileRef = C664D8EC29C3FE8000ACA1AB /* DaysForChallenge.swift */; };
		C664D8EF29C40EEF00ACA1AB /* RangeSelection.swift in Sources */ = {isa = PBXBuildFile; fileRef = C664D8EE29C40EEF00ACA1AB /* RangeSelection.swift */; };
		C6667CDF268F77D600991913 /* SettingsPage.swift in Sources */ = {isa = PBXBuildFile; fileRef = C6667CDE268F77D600991913 /* SettingsPage.swift */; };
		C6667CE5268F8B7E00991913 /* MainView.swift in Sources */ = {isa = PBXBuildFile; fileRef = C6667CE4268F8B7E00991913 /* MainView.swift */; };
		C6667D2E2690FB5D00991913 /* UserPrefs.swift in Sources */ = {isa = PBXBuildFile; fileRef = C6667D2D2690FB5D00991913 /* UserPrefs.swift */; };
		C66A372A283F1CB50096757C /* GroupOverview.swift in Sources */ = {isa = PBXBuildFile; fileRef = C66A3729283F1CB50096757C /* GroupOverview.swift */; };
		C66A372C283F21CF0096757C /* GroupOverviewViewModel.swift in Sources */ = {isa = PBXBuildFile; fileRef = C66A372B283F21CF0096757C /* GroupOverviewViewModel.swift */; };
		C67085642A4166ED00E46EBD /* IntExtensions.swift in Sources */ = {isa = PBXBuildFile; fileRef = C67085632A4166ED00E46EBD /* IntExtensions.swift */; };
		C67085682A4A6ED700E46EBD /* CloseButton.swift in Sources */ = {isa = PBXBuildFile; fileRef = C67085672A4A6ED700E46EBD /* CloseButton.swift */; };
		C68378BB2843F43B00ABB6B3 /* Challenges.swift in Sources */ = {isa = PBXBuildFile; fileRef = C68378BA2843F43B00ABB6B3 /* Challenges.swift */; };
		C68378BD28440FF700ABB6B3 /* Activity.swift in Sources */ = {isa = PBXBuildFile; fileRef = C68378BC28440FF700ABB6B3 /* Activity.swift */; };
		C68378BF2844115700ABB6B3 /* CloudKitHelper.swift in Sources */ = {isa = PBXBuildFile; fileRef = C68378BE2844115700ABB6B3 /* CloudKitHelper.swift */; };
		C68378C12844140500ABB6B3 /* Challenge.swift in Sources */ = {isa = PBXBuildFile; fileRef = C68378C02844140500ABB6B3 /* Challenge.swift */; };
		C68378C52844148400ABB6B3 /* UserGroup.swift in Sources */ = {isa = PBXBuildFile; fileRef = C68378C42844148400ABB6B3 /* UserGroup.swift */; };
		C68378C72844152C00ABB6B3 /* User.swift in Sources */ = {isa = PBXBuildFile; fileRef = C68378C62844152C00ABB6B3 /* User.swift */; };
		C68378C9284542D500ABB6B3 /* GroupList.swift in Sources */ = {isa = PBXBuildFile; fileRef = C68378C8284542D500ABB6B3 /* GroupList.swift */; };
		C68378CE2849834400ABB6B3 /* Lexend-SemiBold.ttf in Resources */ = {isa = PBXBuildFile; fileRef = C68378CC2849834400ABB6B3 /* Lexend-SemiBold.ttf */; };
		C68378CF2849834400ABB6B3 /* Lexend-Regular.ttf in Resources */ = {isa = PBXBuildFile; fileRef = C68378CD2849834400ABB6B3 /* Lexend-Regular.ttf */; };
		C68378D12849834D00ABB6B3 /* OFL.txt in Resources */ = {isa = PBXBuildFile; fileRef = C68378D02849834D00ABB6B3 /* OFL.txt */; };
		C68378D32849AC9800ABB6B3 /* Stats.swift in Sources */ = {isa = PBXBuildFile; fileRef = C68378D22849AC9800ABB6B3 /* Stats.swift */; };
		C68378D8284AA0A800ABB6B3 /* UINavigationControllerExtensions.swift in Sources */ = {isa = PBXBuildFile; fileRef = C68378D7284AA0A800ABB6B3 /* UINavigationControllerExtensions.swift */; };
		C689616A28301AB3008A0C87 /* Tutorial.swift in Sources */ = {isa = PBXBuildFile; fileRef = C689616928301AB3008A0C87 /* Tutorial.swift */; };
		C689616C28301EED008A0C87 /* TransitionExtension.swift in Sources */ = {isa = PBXBuildFile; fileRef = C689616B28301EED008A0C87 /* TransitionExtension.swift */; };
		C689616E28303572008A0C87 /* CustomSlider.swift in Sources */ = {isa = PBXBuildFile; fileRef = C689616D28303572008A0C87 /* CustomSlider.swift */; };
		C68C982F2A7FF7180080AC75 /* BindingExtensions.swift in Sources */ = {isa = PBXBuildFile; fileRef = C68C982E2A7FF7180080AC75 /* BindingExtensions.swift */; };
		C68C98312A80114A0080AC75 /* SequenceExtensions.swift in Sources */ = {isa = PBXBuildFile; fileRef = C68C98302A80114A0080AC75 /* SequenceExtensions.swift */; };
		C69395B126ADC267005BAD98 /* ViewRouter.swift in Sources */ = {isa = PBXBuildFile; fileRef = C69395B026ADC267005BAD98 /* ViewRouter.swift */; };
		C69395B326B24BB3005BAD98 /* DateHelper.swift in Sources */ = {isa = PBXBuildFile; fileRef = C69395B226B24BB3005BAD98 /* DateHelper.swift */; };
		C69F4C4D2A09E30E006A4E62 /* ExerciseName.swift in Sources */ = {isa = PBXBuildFile; fileRef = C69F4C4C2A09E30E006A4E62 /* ExerciseName.swift */; };
		C6A59AFB2A14809800FFBC9D /* SelectedActivity.swift in Sources */ = {isa = PBXBuildFile; fileRef = C6A59AFA2A14809800FFBC9D /* SelectedActivity.swift */; };
		C6AAAD512B2F6F9C003DA91E /* StatsManager.swift in Sources */ = {isa = PBXBuildFile; fileRef = C6AAAD502B2F6F9C003DA91E /* StatsManager.swift */; };
		C6AAAD522B2F6F9C003DA91E /* StatsManager.swift in Sources */ = {isa = PBXBuildFile; fileRef = C6AAAD502B2F6F9C003DA91E /* StatsManager.swift */; };
		C6AAAD542B2F7669003DA91E /* CKDatabaseExtensions.swift in Sources */ = {isa = PBXBuildFile; fileRef = C6AAAD532B2F7669003DA91E /* CKDatabaseExtensions.swift */; };
		C6AAAD552B2F7669003DA91E /* CKDatabaseExtensions.swift in Sources */ = {isa = PBXBuildFile; fileRef = C6AAAD532B2F7669003DA91E /* CKDatabaseExtensions.swift */; };
		C6AAAD572B314988003DA91E /* GroupIcon.swift in Sources */ = {isa = PBXBuildFile; fileRef = C6AAAD562B314988003DA91E /* GroupIcon.swift */; };
		C6AAAD582B314988003DA91E /* GroupIcon.swift in Sources */ = {isa = PBXBuildFile; fileRef = C6AAAD562B314988003DA91E /* GroupIcon.swift */; };
		C6AAAD5B2B429005003DA91E /* GroupStreakWidget.swift in Sources */ = {isa = PBXBuildFile; fileRef = C6AAAD592B429005003DA91E /* GroupStreakWidget.swift */; };
		C6AAAD5D2B4293C3003DA91E /* GroupEntity.swift in Sources */ = {isa = PBXBuildFile; fileRef = C6AAAD5C2B4293C3003DA91E /* GroupEntity.swift */; };
		C6AAAD5E2B4293C3003DA91E /* GroupEntity.swift in Sources */ = {isa = PBXBuildFile; fileRef = C6AAAD5C2B4293C3003DA91E /* GroupEntity.swift */; };
		C6AAAD622B429607003DA91E /* GroupStreakConfigurationIntent.swift in Sources */ = {isa = PBXBuildFile; fileRef = C6AAAD602B429607003DA91E /* GroupStreakConfigurationIntent.swift */; };
		C6AAAD652B4648B4003DA91E /* TextHelper.swift in Sources */ = {isa = PBXBuildFile; fileRef = C6BCB2112766B0CD00D9677D /* TextHelper.swift */; };
		C6AAAD662B464C1D003DA91E /* DoubleExtensions.swift in Sources */ = {isa = PBXBuildFile; fileRef = C664A93E279A4D1600EE2195 /* DoubleExtensions.swift */; };
		C6AAAD672B4651BA003DA91E /* Assets.xcassets in Resources */ = {isa = PBXBuildFile; fileRef = C65A020126870099007A5B2F /* Assets.xcassets */; };
		C6AAAD682B4651F1003DA91E /* OFL.txt in Resources */ = {isa = PBXBuildFile; fileRef = C68378D02849834D00ABB6B3 /* OFL.txt */; };
		C6AAAD692B4651F1003DA91E /* Lexend-Regular.ttf in Resources */ = {isa = PBXBuildFile; fileRef = C68378CD2849834400ABB6B3 /* Lexend-Regular.ttf */; };
		C6AAAD6A2B4651F1003DA91E /* Lexend-SemiBold.ttf in Resources */ = {isa = PBXBuildFile; fileRef = C68378CC2849834400ABB6B3 /* Lexend-SemiBold.ttf */; };
		C6B0D6C6287B664C00EC6EE2 /* BackButton.swift in Sources */ = {isa = PBXBuildFile; fileRef = C6B0D6C5287B664C00EC6EE2 /* BackButton.swift */; };
		C6B0D6C8287B7E8D00EC6EE2 /* DeliveryTime.swift in Sources */ = {isa = PBXBuildFile; fileRef = C6B0D6C7287B7E8C00EC6EE2 /* DeliveryTime.swift */; };
		C6B0D6CA287FB53D00EC6EE2 /* LoadingIndicator.swift in Sources */ = {isa = PBXBuildFile; fileRef = C6B0D6C9287FB53D00EC6EE2 /* LoadingIndicator.swift */; };
		C6B0D6CC2880FBB600EC6EE2 /* AddPage.swift in Sources */ = {isa = PBXBuildFile; fileRef = C6B0D6CB2880FBB600EC6EE2 /* AddPage.swift */; };
		C6B2CC3B285172DA008C979C /* ChallengeDetail.swift in Sources */ = {isa = PBXBuildFile; fileRef = C6B2CC3A285172DA008C979C /* ChallengeDetail.swift */; };
		C6B5F2CC2B9D51C7001A45D7 /* NotificationService.swift in Sources */ = {isa = PBXBuildFile; fileRef = C6B5F2CB2B9D51C7001A45D7 /* NotificationService.swift */; };
		C6B5F2D02B9D51C7001A45D7 /* OneSignalNotificationServiceExtension.appex in Embed Foundation Extensions */ = {isa = PBXBuildFile; fileRef = C6B5F2C92B9D51C7001A45D7 /* OneSignalNotificationServiceExtension.appex */; settings = {ATTRIBUTES = (RemoveHeadersOnCopy, ); }; };
		C6B5F2DC2B9D530A001A45D7 /* OneSignalExtension in Frameworks */ = {isa = PBXBuildFile; productRef = C6B5F2DB2B9D530A001A45D7 /* OneSignalExtension */; };
		C6B5F2DE2B9D530A001A45D7 /* OneSignalFramework in Frameworks */ = {isa = PBXBuildFile; productRef = C6B5F2DD2B9D530A001A45D7 /* OneSignalFramework */; };
		C6B5F2E02B9D5332001A45D7 /* OneSignalFramework in Frameworks */ = {isa = PBXBuildFile; productRef = C6B5F2DF2B9D5332001A45D7 /* OneSignalFramework */; };
		C6B5F2E22B9D6125001A45D7 /* onesignal-key.txt in Resources */ = {isa = PBXBuildFile; fileRef = C6B5F2E12B9D6125001A45D7 /* onesignal-key.txt */; };
		C6B5F2E32B9D6132001A45D7 /* onesignal-key.txt in Resources */ = {isa = PBXBuildFile; fileRef = C6B5F2E12B9D6125001A45D7 /* onesignal-key.txt */; };
		C6B5F2E52B9E1E0A001A45D7 /* NotificationHelper.swift in Sources */ = {isa = PBXBuildFile; fileRef = C6B5F2E42B9E1E0A001A45D7 /* NotificationHelper.swift */; };
		C6B5F2E62B9E1E5C001A45D7 /* NotificationHelper.swift in Sources */ = {isa = PBXBuildFile; fileRef = C6B5F2E42B9E1E0A001A45D7 /* NotificationHelper.swift */; };
		C6B5FACF2D489B88000A761B /* Icon-3@3x.png in Resources */ = {isa = PBXBuildFile; fileRef = C6B5FACE2D489B88000A761B /* Icon-3@3x.png */; };
		C6B5FAD02D489B88000A761B /* Icon-3@2x.png in Resources */ = {isa = PBXBuildFile; fileRef = C6B5FACD2D489B88000A761B /* Icon-3@2x.png */; };
		C6B5FAD32D489BAF000A761B /* Icon-2@3x.png in Resources */ = {isa = PBXBuildFile; fileRef = C6B5FAD22D489BAF000A761B /* Icon-2@3x.png */; };
		C6B5FAD42D489BAF000A761B /* Icon-2@2x.png in Resources */ = {isa = PBXBuildFile; fileRef = C6B5FAD12D489BAF000A761B /* Icon-2@2x.png */; };
		C6BCB2122766B0CD00D9677D /* TextHelper.swift in Sources */ = {isa = PBXBuildFile; fileRef = C6BCB2112766B0CD00D9677D /* TextHelper.swift */; };
		C6BD0D752BC1AB8600F5EC76 /* Paywall.swift in Sources */ = {isa = PBXBuildFile; fileRef = C6BD0D742BC1AB8600F5EC76 /* Paywall.swift */; };
		C6BD0D772BC1C47300F5EC76 /* StoreKit.framework in Frameworks */ = {isa = PBXBuildFile; fileRef = C6BD0D762BC1C47300F5EC76 /* StoreKit.framework */; };
		C6BD0D792BC226CA00F5EC76 /* StoreManager.swift in Sources */ = {isa = PBXBuildFile; fileRef = C6BD0D782BC226CA00F5EC76 /* StoreManager.swift */; };
		C6C424D12B263188006C80DB /* WidgetKit.framework in Frameworks */ = {isa = PBXBuildFile; fileRef = C6C424B52B262ECE006C80DB /* WidgetKit.framework */; };
		C6C424D22B263188006C80DB /* SwiftUI.framework in Frameworks */ = {isa = PBXBuildFile; fileRef = C6C424B72B262ECE006C80DB /* SwiftUI.framework */; };
		C6C424D52B263188006C80DB /* SporadicWidgetBundle.swift in Sources */ = {isa = PBXBuildFile; fileRef = C6C424D42B263188006C80DB /* SporadicWidgetBundle.swift */; };
		C6C424D72B263188006C80DB /* SingleExerciseWidget.swift in Sources */ = {isa = PBXBuildFile; fileRef = C6C424D62B263188006C80DB /* SingleExerciseWidget.swift */; };
		C6C424D92B263188006C80DB /* SingleExerciseConfigurationIntent.swift in Sources */ = {isa = PBXBuildFile; fileRef = C6C424D82B263188006C80DB /* SingleExerciseConfigurationIntent.swift */; };
		C6C424DB2B26318C006C80DB /* Assets.xcassets in Resources */ = {isa = PBXBuildFile; fileRef = C6C424DA2B26318C006C80DB /* Assets.xcassets */; };
		C6C424DF2B26318C006C80DB /* SporadicWidgetExtension.appex in Embed Foundation Extensions */ = {isa = PBXBuildFile; fileRef = C6C424D02B263188006C80DB /* SporadicWidgetExtension.appex */; settings = {ATTRIBUTES = (RemoveHeadersOnCopy, ); }; };
		C6C425092B2D74AC006C80DB /* SingleExerciseEntity.swift in Sources */ = {isa = PBXBuildFile; fileRef = C6C425082B2D74AC006C80DB /* SingleExerciseEntity.swift */; };
		C6C4250A2B2D7B30006C80DB /* SingleExerciseEntity.swift in Sources */ = {isa = PBXBuildFile; fileRef = C6C425082B2D74AC006C80DB /* SingleExerciseEntity.swift */; };
		C6C4250B2B2D7B5C006C80DB /* CloudKitHelper.swift in Sources */ = {isa = PBXBuildFile; fileRef = C68378BE2844115700ABB6B3 /* CloudKitHelper.swift */; };
		C6C4250C2B2D7B6F006C80DB /* Challenge.swift in Sources */ = {isa = PBXBuildFile; fileRef = C68378C02844140500ABB6B3 /* Challenge.swift */; };
		C6C4250D2B2D7B6F006C80DB /* ActivityTemplate.swift in Sources */ = {isa = PBXBuildFile; fileRef = C664A936279A156400EE2195 /* ActivityTemplate.swift */; };
		C6C4250E2B2D7B6F006C80DB /* CompletedChallenge.swift in Sources */ = {isa = PBXBuildFile; fileRef = C640520529F032FA0054BD85 /* CompletedChallenge.swift */; };
		C6C4250F2B2D7B6F006C80DB /* UserGroup.swift in Sources */ = {isa = PBXBuildFile; fileRef = C68378C42844148400ABB6B3 /* UserGroup.swift */; };
		C6C425102B2D7B6F006C80DB /* CustomError.swift in Sources */ = {isa = PBXBuildFile; fileRef = C6F3113B294ED1C50096F09D /* CustomError.swift */; };
		C6C425112B2D7B6F006C80DB /* Activity.swift in Sources */ = {isa = PBXBuildFile; fileRef = C68378BC28440FF700ABB6B3 /* Activity.swift */; };
		C6C425122B2D7B6F006C80DB /* User.swift in Sources */ = {isa = PBXBuildFile; fileRef = C68378C62844152C00ABB6B3 /* User.swift */; };
		C6C425132B2D7B7D006C80DB /* ActivityUnit.swift in Sources */ = {isa = PBXBuildFile; fileRef = C62625AE2867601400E84C79 /* ActivityUnit.swift */; };
		C6C425142B2D7B88006C80DB /* ActivityTemplateHelper.swift in Sources */ = {isa = PBXBuildFile; fileRef = C664A938279A174400EE2195 /* ActivityTemplateHelper.swift */; };
		C6C425152B2D7B95006C80DB /* ActivityCategory.swift in Sources */ = {isa = PBXBuildFile; fileRef = C6E6386A29B3F345007DD574 /* ActivityCategory.swift */; };
		C6C425162B2D7BA1006C80DB /* Localize.swift in Sources */ = {isa = PBXBuildFile; fileRef = C630BDF9268C313B0066D8C3 /* Localize.swift */; };
		C6C425172B2D7BF4006C80DB /* DateExtensions.swift in Sources */ = {isa = PBXBuildFile; fileRef = C6C96021278FA64F00A67AA2 /* DateExtensions.swift */; };
		C6C425182B2D7BFA006C80DB /* GroupBackgroundColor.swift in Sources */ = {isa = PBXBuildFile; fileRef = C62625AC2867493200E84C79 /* GroupBackgroundColor.swift */; };
		C6C425192B2D7C0F006C80DB /* CKAssetExtensions.swift in Sources */ = {isa = PBXBuildFile; fileRef = C6CB07F028C1BDFC00F07164 /* CKAssetExtensions.swift */; };
		C6C4251A2B2D7C42006C80DB /* UIImageExtensions.swift in Sources */ = {isa = PBXBuildFile; fileRef = C6C9601D278FA51700A67AA2 /* UIImageExtensions.swift */; };
		C6C96012278F90AC00A67AA2 /* ViewExtensions.swift in Sources */ = {isa = PBXBuildFile; fileRef = C6C96011278F90AC00A67AA2 /* ViewExtensions.swift */; };
		C6C96014278F9F3C00A67AA2 /* AddCustomActivityPage.swift in Sources */ = {isa = PBXBuildFile; fileRef = C6C96013278F9F3C00A67AA2 /* AddCustomActivityPage.swift */; };
		C6C96016278FA14200A67AA2 /* NavigationBar.swift in Sources */ = {isa = PBXBuildFile; fileRef = C6C96015278FA14200A67AA2 /* NavigationBar.swift */; };
		C6C96019278FA23500A67AA2 /* TabBarIcon.swift in Sources */ = {isa = PBXBuildFile; fileRef = C6C96018278FA23500A67AA2 /* TabBarIcon.swift */; };
		C6C9601E278FA51700A67AA2 /* UIImageExtensions.swift in Sources */ = {isa = PBXBuildFile; fileRef = C6C9601D278FA51700A67AA2 /* UIImageExtensions.swift */; };
		C6C96020278FA55000A67AA2 /* UIColorExtensions.swift in Sources */ = {isa = PBXBuildFile; fileRef = C6C9601F278FA55000A67AA2 /* UIColorExtensions.swift */; };
		C6C96022278FA64F00A67AA2 /* DateExtensions.swift in Sources */ = {isa = PBXBuildFile; fileRef = C6C96021278FA64F00A67AA2 /* DateExtensions.swift */; };
		C6C96024278FAC2300A67AA2 /* ButtonExtensions.swift in Sources */ = {isa = PBXBuildFile; fileRef = C6C96023278FAC2300A67AA2 /* ButtonExtensions.swift */; };
		C6C96026279296E300A67AA2 /* ColorSchemeHelper.swift in Sources */ = {isa = PBXBuildFile; fileRef = C6C96025279296E300A67AA2 /* ColorSchemeHelper.swift */; };
		C6CB07F128C1BDFC00F07164 /* CKAssetExtensions.swift in Sources */ = {isa = PBXBuildFile; fileRef = C6CB07F028C1BDFC00F07164 /* CKAssetExtensions.swift */; };
		C6CB07F528CD1C0700F07164 /* ActivitySelector.swift in Sources */ = {isa = PBXBuildFile; fileRef = C6CB07F428CD1C0700F07164 /* ActivitySelector.swift */; };
		C6D4211A2BD0B1A000765DAE /* SporadicProducts.storekit in Resources */ = {isa = PBXBuildFile; fileRef = C6D421192BD0B1A000765DAE /* SporadicProducts.storekit */; };
		C6E6386729B3C9E0007DD574 /* GlobalSettings.swift in Sources */ = {isa = PBXBuildFile; fileRef = C6E6386629B3C9E0007DD574 /* GlobalSettings.swift */; };
		C6E6386929B3CC04007DD574 /* PlusButton.swift in Sources */ = {isa = PBXBuildFile; fileRef = C6E6386829B3CC04007DD574 /* PlusButton.swift */; };
		C6E6386B29B3F345007DD574 /* ActivityCategory.swift in Sources */ = {isa = PBXBuildFile; fileRef = C6E6386A29B3F345007DD574 /* ActivityCategory.swift */; };
		C6F31137294E66A40096F09D /* JoinGroup.swift in Sources */ = {isa = PBXBuildFile; fileRef = C6F31136294E66A40096F09D /* JoinGroup.swift */; };
		C6F3113A294E66C00096F09D /* JoinGroupViewModel.swift in Sources */ = {isa = PBXBuildFile; fileRef = C6F31139294E66C00096F09D /* JoinGroupViewModel.swift */; };
		C6F3113C294ED1C50096F09D /* CustomError.swift in Sources */ = {isa = PBXBuildFile; fileRef = C6F3113B294ED1C50096F09D /* CustomError.swift */; };
		C6F4569F299DDE0B003DD2F4 /* ConfettiSwiftUI in Frameworks */ = {isa = PBXBuildFile; productRef = C6F4569E299DDE0B003DD2F4 /* ConfettiSwiftUI */; };
/* End PBXBuildFile section */

/* Begin PBXContainerItemProxy section */
		C630BE08268D2D230066D8C3 /* PBXContainerItemProxy */ = {
			isa = PBXContainerItemProxy;
			containerPortal = C65A01F226870098007A5B2F /* Project object */;
			proxyType = 1;
			remoteGlobalIDString = C65A01F926870098007A5B2F;
			remoteInfo = Sporadic;
		};
		C6B5F2CE2B9D51C7001A45D7 /* PBXContainerItemProxy */ = {
			isa = PBXContainerItemProxy;
			containerPortal = C65A01F226870098007A5B2F /* Project object */;
			proxyType = 1;
			remoteGlobalIDString = C6B5F2C82B9D51C7001A45D7;
			remoteInfo = OneSignalNotificationServiceExtension;
		};
		C6C424DD2B26318C006C80DB /* PBXContainerItemProxy */ = {
			isa = PBXContainerItemProxy;
			containerPortal = C65A01F226870098007A5B2F /* Project object */;
			proxyType = 1;
			remoteGlobalIDString = C6C424CF2B263188006C80DB;
			remoteInfo = SporadicWidgetExtension;
		};
/* End PBXContainerItemProxy section */

/* Begin PBXCopyFilesBuildPhase section */
		C6C424C82B262ED1006C80DB /* Embed Foundation Extensions */ = {
			isa = PBXCopyFilesBuildPhase;
			buildActionMask = 2147483647;
			dstPath = "";
			dstSubfolderSpec = 13;
			files = (
				C6B5F2D02B9D51C7001A45D7 /* OneSignalNotificationServiceExtension.appex in Embed Foundation Extensions */,
				C6C424DF2B26318C006C80DB /* SporadicWidgetExtension.appex in Embed Foundation Extensions */,
			);
			name = "Embed Foundation Extensions";
			runOnlyForDeploymentPostprocessing = 0;
		};
/* End PBXCopyFilesBuildPhase section */

/* Begin PBXFileReference section */
		C613CFCC269559C70061DC49 /* EmailHelper.swift */ = {isa = PBXFileReference; lastKnownFileType = sourcecode.swift; path = EmailHelper.swift; sourceTree = "<group>"; };
		C61983202A26E52A00FCBDBA /* TutorialViewModel.swift */ = {isa = PBXFileReference; lastKnownFileType = sourcecode.swift; path = TutorialViewModel.swift; sourceTree = "<group>"; };
		C626259E2862698700E84C79 /* LoadingStatus.swift */ = {isa = PBXFileReference; lastKnownFileType = sourcecode.swift; path = LoadingStatus.swift; sourceTree = "<group>"; };
		C62625A02867397E00E84C79 /* CreateGroupView.swift */ = {isa = PBXFileReference; lastKnownFileType = sourcecode.swift; path = CreateGroupView.swift; sourceTree = "<group>"; };
		C62625A228673B3100E84C79 /* CreateGroupViewModel.swift */ = {isa = PBXFileReference; lastKnownFileType = sourcecode.swift; path = CreateGroupViewModel.swift; sourceTree = "<group>"; };
		C62625A628673F7A00E84C79 /* EmojiKeyboard.swift */ = {isa = PBXFileReference; lastKnownFileType = sourcecode.swift; path = EmojiKeyboard.swift; sourceTree = "<group>"; };
		C62625A82867418300E84C79 /* StringExtensions.swift */ = {isa = PBXFileReference; lastKnownFileType = sourcecode.swift; path = StringExtensions.swift; sourceTree = "<group>"; };
		C62625AA286741AB00E84C79 /* CharacterExtensions.swift */ = {isa = PBXFileReference; lastKnownFileType = sourcecode.swift; path = CharacterExtensions.swift; sourceTree = "<group>"; };
		C62625AC2867493200E84C79 /* GroupBackgroundColor.swift */ = {isa = PBXFileReference; lastKnownFileType = sourcecode.swift; path = GroupBackgroundColor.swift; sourceTree = "<group>"; };
		C62625AE2867601400E84C79 /* ActivityUnit.swift */ = {isa = PBXFileReference; lastKnownFileType = sourcecode.swift; path = ActivityUnit.swift; sourceTree = "<group>"; };
		C630BDF6268C2CB60066D8C3 /* en */ = {isa = PBXFileReference; lastKnownFileType = text.plist.strings; name = en; path = en.lproj/Localizable.strings; sourceTree = "<group>"; };
		C630BDF9268C313B0066D8C3 /* Localize.swift */ = {isa = PBXFileReference; lastKnownFileType = sourcecode.swift; path = Localize.swift; sourceTree = "<group>"; };
		C630BE03268D2D230066D8C3 /* SporadicTests.xctest */ = {isa = PBXFileReference; explicitFileType = wrapper.cfbundle; includeInIndex = 0; path = SporadicTests.xctest; sourceTree = BUILT_PRODUCTS_DIR; };
		C630BE07268D2D230066D8C3 /* Info.plist */ = {isa = PBXFileReference; lastKnownFileType = text.plist.xml; path = Info.plist; sourceTree = "<group>"; };
		C639448D279DDC4D00B2E62F /* HomeViewModel.swift */ = {isa = PBXFileReference; lastKnownFileType = sourcecode.swift; path = HomeViewModel.swift; sourceTree = "<group>"; };
		C6401E2228E29FFA0096E002 /* GroupName.swift */ = {isa = PBXFileReference; lastKnownFileType = sourcecode.swift; path = GroupName.swift; sourceTree = "<group>"; };
		C6401E2428E2A0030096E002 /* EmojiSelector.swift */ = {isa = PBXFileReference; lastKnownFileType = sourcecode.swift; path = EmojiSelector.swift; sourceTree = "<group>"; };
		C6401E2628E2A00D0096E002 /* GroupColor.swift */ = {isa = PBXFileReference; lastKnownFileType = sourcecode.swift; path = GroupColor.swift; sourceTree = "<group>"; };
		C640520229F032B40054BD85 /* StatsViewModel.swift */ = {isa = PBXFileReference; lastKnownFileType = sourcecode.swift; path = StatsViewModel.swift; sourceTree = "<group>"; };
		C640520529F032FA0054BD85 /* CompletedChallenge.swift */ = {isa = PBXFileReference; lastKnownFileType = sourcecode.swift; path = CompletedChallenge.swift; sourceTree = "<group>"; };
		C640EEF72954FDEF00C4058B /* LoadingBar.swift */ = {isa = PBXFileReference; lastKnownFileType = sourcecode.swift; path = LoadingBar.swift; sourceTree = "<group>"; };
		C6562DE32C9919C800B7B8E5 /* ExerciseSelectionScreen.swift */ = {isa = PBXFileReference; lastKnownFileType = sourcecode.swift; path = ExerciseSelectionScreen.swift; sourceTree = "<group>"; };
		C6562DE52C991F5200B7B8E5 /* ActivityWidget.swift */ = {isa = PBXFileReference; lastKnownFileType = sourcecode.swift; path = ActivityWidget.swift; sourceTree = "<group>"; };
		C65A01FA26870098007A5B2F /* Sporadic.app */ = {isa = PBXFileReference; explicitFileType = wrapper.application; includeInIndex = 0; path = Sporadic.app; sourceTree = BUILT_PRODUCTS_DIR; };
		C65A01FD26870098007A5B2F /* StartApp.swift */ = {isa = PBXFileReference; lastKnownFileType = sourcecode.swift; path = StartApp.swift; sourceTree = "<group>"; };
		C65A01FF26870098007A5B2F /* HomePage.swift */ = {isa = PBXFileReference; lastKnownFileType = sourcecode.swift; path = HomePage.swift; sourceTree = "<group>"; };
		C65A020126870099007A5B2F /* Assets.xcassets */ = {isa = PBXFileReference; lastKnownFileType = folder.assetcatalog; path = Assets.xcassets; sourceTree = "<group>"; };
		C65A020426870099007A5B2F /* Preview Assets.xcassets */ = {isa = PBXFileReference; lastKnownFileType = folder.assetcatalog; path = "Preview Assets.xcassets"; sourceTree = "<group>"; };
		C65A020626870099007A5B2F /* Info.plist */ = {isa = PBXFileReference; lastKnownFileType = text.plist.xml; path = Info.plist; sourceTree = "<group>"; };
		C6620062278A58D9000AF577 /* EditActivity.swift */ = {isa = PBXFileReference; lastKnownFileType = sourcecode.swift; path = EditActivity.swift; sourceTree = "<group>"; };
		C66424CF27B856A700B574D7 /* Complete.swift */ = {isa = PBXFileReference; lastKnownFileType = sourcecode.swift; path = Complete.swift; sourceTree = "<group>"; };
		C664A936279A156400EE2195 /* ActivityTemplate.swift */ = {isa = PBXFileReference; lastKnownFileType = sourcecode.swift; path = ActivityTemplate.swift; sourceTree = "<group>"; };
		C664A938279A174400EE2195 /* ActivityTemplateHelper.swift */ = {isa = PBXFileReference; lastKnownFileType = sourcecode.swift; path = ActivityTemplateHelper.swift; sourceTree = "<group>"; };
		C664A93E279A4D1600EE2195 /* DoubleExtensions.swift */ = {isa = PBXFileReference; lastKnownFileType = sourcecode.swift; path = DoubleExtensions.swift; sourceTree = "<group>"; };
		C664A940279A4D6300EE2195 /* AddActivityViewModel.swift */ = {isa = PBXFileReference; lastKnownFileType = sourcecode.swift; path = AddActivityViewModel.swift; sourceTree = "<group>"; };
		C664A942279DC8CA00EE2195 /* SettingsViewModel.swift */ = {isa = PBXFileReference; lastKnownFileType = sourcecode.swift; path = SettingsViewModel.swift; sourceTree = "<group>"; };
		C664D8EA29C3FDBD00ACA1AB /* EditIcon.swift */ = {isa = PBXFileReference; lastKnownFileType = sourcecode.swift; path = EditIcon.swift; sourceTree = "<group>"; };
		C664D8EC29C3FE8000ACA1AB /* DaysForChallenge.swift */ = {isa = PBXFileReference; lastKnownFileType = sourcecode.swift; path = DaysForChallenge.swift; sourceTree = "<group>"; };
		C664D8EE29C40EEF00ACA1AB /* RangeSelection.swift */ = {isa = PBXFileReference; lastKnownFileType = sourcecode.swift; path = RangeSelection.swift; sourceTree = "<group>"; };
		C6667CDE268F77D600991913 /* SettingsPage.swift */ = {isa = PBXFileReference; lastKnownFileType = sourcecode.swift; path = SettingsPage.swift; sourceTree = "<group>"; };
		C6667CE4268F8B7E00991913 /* MainView.swift */ = {isa = PBXFileReference; lastKnownFileType = sourcecode.swift; path = MainView.swift; sourceTree = "<group>"; };
		C6667D2D2690FB5D00991913 /* UserPrefs.swift */ = {isa = PBXFileReference; lastKnownFileType = sourcecode.swift; path = UserPrefs.swift; sourceTree = "<group>"; };
		C66A3729283F1CB50096757C /* GroupOverview.swift */ = {isa = PBXFileReference; lastKnownFileType = sourcecode.swift; path = GroupOverview.swift; sourceTree = "<group>"; };
		C66A372B283F21CF0096757C /* GroupOverviewViewModel.swift */ = {isa = PBXFileReference; lastKnownFileType = sourcecode.swift; path = GroupOverviewViewModel.swift; sourceTree = "<group>"; };
		C67085632A4166ED00E46EBD /* IntExtensions.swift */ = {isa = PBXFileReference; lastKnownFileType = sourcecode.swift; path = IntExtensions.swift; sourceTree = "<group>"; };
		C67085672A4A6ED700E46EBD /* CloseButton.swift */ = {isa = PBXFileReference; lastKnownFileType = sourcecode.swift; path = CloseButton.swift; sourceTree = "<group>"; };
		C68378BA2843F43B00ABB6B3 /* Challenges.swift */ = {isa = PBXFileReference; lastKnownFileType = sourcecode.swift; path = Challenges.swift; sourceTree = "<group>"; };
		C68378BC28440FF700ABB6B3 /* Activity.swift */ = {isa = PBXFileReference; lastKnownFileType = sourcecode.swift; path = Activity.swift; sourceTree = "<group>"; };
		C68378BE2844115700ABB6B3 /* CloudKitHelper.swift */ = {isa = PBXFileReference; lastKnownFileType = sourcecode.swift; path = CloudKitHelper.swift; sourceTree = "<group>"; };
		C68378C02844140500ABB6B3 /* Challenge.swift */ = {isa = PBXFileReference; lastKnownFileType = sourcecode.swift; path = Challenge.swift; sourceTree = "<group>"; };
		C68378C42844148400ABB6B3 /* UserGroup.swift */ = {isa = PBXFileReference; lastKnownFileType = sourcecode.swift; path = UserGroup.swift; sourceTree = "<group>"; };
		C68378C62844152C00ABB6B3 /* User.swift */ = {isa = PBXFileReference; lastKnownFileType = sourcecode.swift; path = User.swift; sourceTree = "<group>"; };
		C68378C8284542D500ABB6B3 /* GroupList.swift */ = {isa = PBXFileReference; lastKnownFileType = sourcecode.swift; path = GroupList.swift; sourceTree = "<group>"; };
		C68378CC2849834400ABB6B3 /* Lexend-SemiBold.ttf */ = {isa = PBXFileReference; lastKnownFileType = file; path = "Lexend-SemiBold.ttf"; sourceTree = "<group>"; };
		C68378CD2849834400ABB6B3 /* Lexend-Regular.ttf */ = {isa = PBXFileReference; lastKnownFileType = file; path = "Lexend-Regular.ttf"; sourceTree = "<group>"; };
		C68378D02849834D00ABB6B3 /* OFL.txt */ = {isa = PBXFileReference; fileEncoding = 4; lastKnownFileType = text; path = OFL.txt; sourceTree = "<group>"; };
		C68378D22849AC9800ABB6B3 /* Stats.swift */ = {isa = PBXFileReference; lastKnownFileType = sourcecode.swift; path = Stats.swift; sourceTree = "<group>"; };
		C68378D7284AA0A800ABB6B3 /* UINavigationControllerExtensions.swift */ = {isa = PBXFileReference; lastKnownFileType = sourcecode.swift; path = UINavigationControllerExtensions.swift; sourceTree = "<group>"; };
		C689616928301AB3008A0C87 /* Tutorial.swift */ = {isa = PBXFileReference; lastKnownFileType = sourcecode.swift; path = Tutorial.swift; sourceTree = "<group>"; };
		C689616B28301EED008A0C87 /* TransitionExtension.swift */ = {isa = PBXFileReference; lastKnownFileType = sourcecode.swift; path = TransitionExtension.swift; sourceTree = "<group>"; };
		C689616D28303572008A0C87 /* CustomSlider.swift */ = {isa = PBXFileReference; lastKnownFileType = sourcecode.swift; path = CustomSlider.swift; sourceTree = "<group>"; };
		C68C982E2A7FF7180080AC75 /* BindingExtensions.swift */ = {isa = PBXFileReference; lastKnownFileType = sourcecode.swift; path = BindingExtensions.swift; sourceTree = "<group>"; };
		C68C98302A80114A0080AC75 /* SequenceExtensions.swift */ = {isa = PBXFileReference; lastKnownFileType = sourcecode.swift; path = SequenceExtensions.swift; sourceTree = "<group>"; };
		C69395B026ADC267005BAD98 /* ViewRouter.swift */ = {isa = PBXFileReference; lastKnownFileType = sourcecode.swift; path = ViewRouter.swift; sourceTree = "<group>"; };
		C69395B226B24BB3005BAD98 /* DateHelper.swift */ = {isa = PBXFileReference; lastKnownFileType = sourcecode.swift; path = DateHelper.swift; sourceTree = "<group>"; };
		C69F4C4C2A09E30E006A4E62 /* ExerciseName.swift */ = {isa = PBXFileReference; lastKnownFileType = sourcecode.swift; path = ExerciseName.swift; sourceTree = "<group>"; };
		C6A59AFA2A14809800FFBC9D /* SelectedActivity.swift */ = {isa = PBXFileReference; lastKnownFileType = sourcecode.swift; path = SelectedActivity.swift; sourceTree = "<group>"; };
		C6AAAD502B2F6F9C003DA91E /* StatsManager.swift */ = {isa = PBXFileReference; lastKnownFileType = sourcecode.swift; path = StatsManager.swift; sourceTree = "<group>"; };
		C6AAAD532B2F7669003DA91E /* CKDatabaseExtensions.swift */ = {isa = PBXFileReference; lastKnownFileType = sourcecode.swift; path = CKDatabaseExtensions.swift; sourceTree = "<group>"; };
		C6AAAD562B314988003DA91E /* GroupIcon.swift */ = {isa = PBXFileReference; lastKnownFileType = sourcecode.swift; path = GroupIcon.swift; sourceTree = "<group>"; };
		C6AAAD592B429005003DA91E /* GroupStreakWidget.swift */ = {isa = PBXFileReference; lastKnownFileType = sourcecode.swift; path = GroupStreakWidget.swift; sourceTree = "<group>"; };
		C6AAAD5C2B4293C3003DA91E /* GroupEntity.swift */ = {isa = PBXFileReference; lastKnownFileType = sourcecode.swift; path = GroupEntity.swift; sourceTree = "<group>"; };
		C6AAAD602B429607003DA91E /* GroupStreakConfigurationIntent.swift */ = {isa = PBXFileReference; lastKnownFileType = sourcecode.swift; path = GroupStreakConfigurationIntent.swift; sourceTree = "<group>"; };
		C6B0D6C5287B664C00EC6EE2 /* BackButton.swift */ = {isa = PBXFileReference; lastKnownFileType = sourcecode.swift; path = BackButton.swift; sourceTree = "<group>"; };
		C6B0D6C7287B7E8C00EC6EE2 /* DeliveryTime.swift */ = {isa = PBXFileReference; lastKnownFileType = sourcecode.swift; path = DeliveryTime.swift; sourceTree = "<group>"; };
		C6B0D6C9287FB53D00EC6EE2 /* LoadingIndicator.swift */ = {isa = PBXFileReference; lastKnownFileType = sourcecode.swift; path = LoadingIndicator.swift; sourceTree = "<group>"; };
		C6B0D6CB2880FBB600EC6EE2 /* AddPage.swift */ = {isa = PBXFileReference; lastKnownFileType = sourcecode.swift; path = AddPage.swift; sourceTree = "<group>"; };
		C6B2CC3A285172DA008C979C /* ChallengeDetail.swift */ = {isa = PBXFileReference; lastKnownFileType = sourcecode.swift; path = ChallengeDetail.swift; sourceTree = "<group>"; };
		C6B5F2C92B9D51C7001A45D7 /* OneSignalNotificationServiceExtension.appex */ = {isa = PBXFileReference; explicitFileType = "wrapper.app-extension"; includeInIndex = 0; path = OneSignalNotificationServiceExtension.appex; sourceTree = BUILT_PRODUCTS_DIR; };
		C6B5F2CB2B9D51C7001A45D7 /* NotificationService.swift */ = {isa = PBXFileReference; lastKnownFileType = sourcecode.swift; path = NotificationService.swift; sourceTree = "<group>"; };
		C6B5F2CD2B9D51C7001A45D7 /* Info.plist */ = {isa = PBXFileReference; lastKnownFileType = text.plist.xml; path = Info.plist; sourceTree = "<group>"; };
		C6B5F2D42B9D5244001A45D7 /* OneSignalNotificationServiceExtension.entitlements */ = {isa = PBXFileReference; lastKnownFileType = text.plist.entitlements; path = OneSignalNotificationServiceExtension.entitlements; sourceTree = "<group>"; };
		C6B5F2E12B9D6125001A45D7 /* onesignal-key.txt */ = {isa = PBXFileReference; fileEncoding = 4; lastKnownFileType = text; path = "onesignal-key.txt"; sourceTree = SOURCE_ROOT; };
		C6B5F2E42B9E1E0A001A45D7 /* NotificationHelper.swift */ = {isa = PBXFileReference; lastKnownFileType = sourcecode.swift; path = NotificationHelper.swift; sourceTree = "<group>"; };
		C6B5FACD2D489B88000A761B /* Icon-3@2x.png */ = {isa = PBXFileReference; lastKnownFileType = image.png; path = "Icon-3@2x.png"; sourceTree = "<group>"; };
		C6B5FACE2D489B88000A761B /* Icon-3@3x.png */ = {isa = PBXFileReference; lastKnownFileType = image.png; path = "Icon-3@3x.png"; sourceTree = "<group>"; };
		C6B5FAD12D489BAF000A761B /* Icon-2@2x.png */ = {isa = PBXFileReference; lastKnownFileType = image.png; path = "Icon-2@2x.png"; sourceTree = "<group>"; };
		C6B5FAD22D489BAF000A761B /* Icon-2@3x.png */ = {isa = PBXFileReference; lastKnownFileType = image.png; path = "Icon-2@3x.png"; sourceTree = "<group>"; };
		C6BCB2112766B0CD00D9677D /* TextHelper.swift */ = {isa = PBXFileReference; lastKnownFileType = sourcecode.swift; path = TextHelper.swift; sourceTree = "<group>"; };
		C6BD0D742BC1AB8600F5EC76 /* Paywall.swift */ = {isa = PBXFileReference; lastKnownFileType = sourcecode.swift; path = Paywall.swift; sourceTree = "<group>"; };
		C6BD0D762BC1C47300F5EC76 /* StoreKit.framework */ = {isa = PBXFileReference; lastKnownFileType = wrapper.framework; name = StoreKit.framework; path = System/Library/Frameworks/StoreKit.framework; sourceTree = SDKROOT; };
		C6BD0D782BC226CA00F5EC76 /* StoreManager.swift */ = {isa = PBXFileReference; lastKnownFileType = sourcecode.swift; path = StoreManager.swift; sourceTree = "<group>"; };
		C6C424B52B262ECE006C80DB /* WidgetKit.framework */ = {isa = PBXFileReference; lastKnownFileType = wrapper.framework; name = WidgetKit.framework; path = System/Library/Frameworks/WidgetKit.framework; sourceTree = SDKROOT; };
		C6C424B72B262ECE006C80DB /* SwiftUI.framework */ = {isa = PBXFileReference; lastKnownFileType = wrapper.framework; name = SwiftUI.framework; path = System/Library/Frameworks/SwiftUI.framework; sourceTree = SDKROOT; };
		C6C424D02B263188006C80DB /* SporadicWidgetExtension.appex */ = {isa = PBXFileReference; explicitFileType = "wrapper.app-extension"; includeInIndex = 0; path = SporadicWidgetExtension.appex; sourceTree = BUILT_PRODUCTS_DIR; };
		C6C424D42B263188006C80DB /* SporadicWidgetBundle.swift */ = {isa = PBXFileReference; lastKnownFileType = sourcecode.swift; path = SporadicWidgetBundle.swift; sourceTree = "<group>"; };
		C6C424D62B263188006C80DB /* SingleExerciseWidget.swift */ = {isa = PBXFileReference; lastKnownFileType = sourcecode.swift; path = SingleExerciseWidget.swift; sourceTree = "<group>"; };
		C6C424D82B263188006C80DB /* SingleExerciseConfigurationIntent.swift */ = {isa = PBXFileReference; lastKnownFileType = sourcecode.swift; path = SingleExerciseConfigurationIntent.swift; sourceTree = "<group>"; };
		C6C424DA2B26318C006C80DB /* Assets.xcassets */ = {isa = PBXFileReference; lastKnownFileType = folder.assetcatalog; path = Assets.xcassets; sourceTree = "<group>"; };
		C6C424DC2B26318C006C80DB /* Info.plist */ = {isa = PBXFileReference; lastKnownFileType = text.plist.xml; path = Info.plist; sourceTree = "<group>"; };
		C6C424E82B2D6BF0006C80DB /* Intents.framework */ = {isa = PBXFileReference; lastKnownFileType = wrapper.framework; name = Intents.framework; path = System/Library/Frameworks/Intents.framework; sourceTree = SDKROOT; };
		C6C424F32B2D6BF0006C80DB /* IntentsUI.framework */ = {isa = PBXFileReference; lastKnownFileType = wrapper.framework; name = IntentsUI.framework; path = System/Library/Frameworks/IntentsUI.framework; sourceTree = SDKROOT; };
		C6C425082B2D74AC006C80DB /* SingleExerciseEntity.swift */ = {isa = PBXFileReference; lastKnownFileType = sourcecode.swift; path = SingleExerciseEntity.swift; sourceTree = "<group>"; };
		C6C4251B2B2D880A006C80DB /* SporadicWidgetExtension.entitlements */ = {isa = PBXFileReference; lastKnownFileType = text.plist.entitlements; path = SporadicWidgetExtension.entitlements; sourceTree = "<group>"; };
		C6C96011278F90AC00A67AA2 /* ViewExtensions.swift */ = {isa = PBXFileReference; lastKnownFileType = sourcecode.swift; path = ViewExtensions.swift; sourceTree = "<group>"; };
		C6C96013278F9F3C00A67AA2 /* AddCustomActivityPage.swift */ = {isa = PBXFileReference; lastKnownFileType = sourcecode.swift; path = AddCustomActivityPage.swift; sourceTree = "<group>"; };
		C6C96015278FA14200A67AA2 /* NavigationBar.swift */ = {isa = PBXFileReference; lastKnownFileType = sourcecode.swift; path = NavigationBar.swift; sourceTree = "<group>"; };
		C6C96018278FA23500A67AA2 /* TabBarIcon.swift */ = {isa = PBXFileReference; lastKnownFileType = sourcecode.swift; path = TabBarIcon.swift; sourceTree = "<group>"; };
		C6C9601D278FA51700A67AA2 /* UIImageExtensions.swift */ = {isa = PBXFileReference; lastKnownFileType = sourcecode.swift; path = UIImageExtensions.swift; sourceTree = "<group>"; };
		C6C9601F278FA55000A67AA2 /* UIColorExtensions.swift */ = {isa = PBXFileReference; lastKnownFileType = sourcecode.swift; path = UIColorExtensions.swift; sourceTree = "<group>"; };
		C6C96021278FA64F00A67AA2 /* DateExtensions.swift */ = {isa = PBXFileReference; lastKnownFileType = sourcecode.swift; path = DateExtensions.swift; sourceTree = "<group>"; };
		C6C96023278FAC2300A67AA2 /* ButtonExtensions.swift */ = {isa = PBXFileReference; lastKnownFileType = sourcecode.swift; path = ButtonExtensions.swift; sourceTree = "<group>"; };
		C6C96025279296E300A67AA2 /* ColorSchemeHelper.swift */ = {isa = PBXFileReference; lastKnownFileType = sourcecode.swift; path = ColorSchemeHelper.swift; sourceTree = "<group>"; };
		C6C960292794A6B700A67AA2 /* Sporadic.entitlements */ = {isa = PBXFileReference; lastKnownFileType = text.plist.entitlements; path = Sporadic.entitlements; sourceTree = "<group>"; };
		C6CB07F028C1BDFC00F07164 /* CKAssetExtensions.swift */ = {isa = PBXFileReference; lastKnownFileType = sourcecode.swift; path = CKAssetExtensions.swift; sourceTree = "<group>"; };
		C6CB07F428CD1C0700F07164 /* ActivitySelector.swift */ = {isa = PBXFileReference; lastKnownFileType = sourcecode.swift; path = ActivitySelector.swift; sourceTree = "<group>"; };
		C6D421192BD0B1A000765DAE /* SporadicProducts.storekit */ = {isa = PBXFileReference; lastKnownFileType = text; path = SporadicProducts.storekit; sourceTree = "<group>"; };
		C6E6386629B3C9E0007DD574 /* GlobalSettings.swift */ = {isa = PBXFileReference; lastKnownFileType = sourcecode.swift; path = GlobalSettings.swift; sourceTree = "<group>"; };
		C6E6386829B3CC04007DD574 /* PlusButton.swift */ = {isa = PBXFileReference; lastKnownFileType = sourcecode.swift; path = PlusButton.swift; sourceTree = "<group>"; };
		C6E6386A29B3F345007DD574 /* ActivityCategory.swift */ = {isa = PBXFileReference; lastKnownFileType = sourcecode.swift; path = ActivityCategory.swift; sourceTree = "<group>"; };
		C6F31136294E66A40096F09D /* JoinGroup.swift */ = {isa = PBXFileReference; lastKnownFileType = sourcecode.swift; path = JoinGroup.swift; sourceTree = "<group>"; };
		C6F31139294E66C00096F09D /* JoinGroupViewModel.swift */ = {isa = PBXFileReference; lastKnownFileType = sourcecode.swift; path = JoinGroupViewModel.swift; sourceTree = "<group>"; };
		C6F3113B294ED1C50096F09D /* CustomError.swift */ = {isa = PBXFileReference; lastKnownFileType = sourcecode.swift; path = CustomError.swift; sourceTree = "<group>"; };
/* End PBXFileReference section */

/* Begin PBXFrameworksBuildPhase section */
		C630BE00268D2D230066D8C3 /* Frameworks */ = {
			isa = PBXFrameworksBuildPhase;
			buildActionMask = 2147483647;
			files = (
			);
			runOnlyForDeploymentPostprocessing = 0;
		};
		C65A01F726870098007A5B2F /* Frameworks */ = {
			isa = PBXFrameworksBuildPhase;
			buildActionMask = 2147483647;
			files = (
				C6BD0D772BC1C47300F5EC76 /* StoreKit.framework in Frameworks */,
				C6B5F2DE2B9D530A001A45D7 /* OneSignalFramework in Frameworks */,
				C6F4569F299DDE0B003DD2F4 /* ConfettiSwiftUI in Frameworks */,
				C65E6F012D361D15004CC347 /* RangeSlider in Frameworks */,
				C65E6EFE2D3612DF004CC347 /* RangeSlider in Frameworks */,
			);
			runOnlyForDeploymentPostprocessing = 0;
		};
		C6B5F2C62B9D51C7001A45D7 /* Frameworks */ = {
			isa = PBXFrameworksBuildPhase;
			buildActionMask = 2147483647;
			files = (
				C6B5F2DC2B9D530A001A45D7 /* OneSignalExtension in Frameworks */,
			);
			runOnlyForDeploymentPostprocessing = 0;
		};
		C6C424CD2B263188006C80DB /* Frameworks */ = {
			isa = PBXFrameworksBuildPhase;
			buildActionMask = 2147483647;
			files = (
				C6C424D22B263188006C80DB /* SwiftUI.framework in Frameworks */,
				C6B5F2E02B9D5332001A45D7 /* OneSignalFramework in Frameworks */,
				C6C424D12B263188006C80DB /* WidgetKit.framework in Frameworks */,
			);
			runOnlyForDeploymentPostprocessing = 0;
		};
/* End PBXFrameworksBuildPhase section */

/* Begin PBXGroup section */
		C613CFCE26955C3D0061DC49 /* Icons */ = {
			isa = PBXGroup;
			children = (
				C6B5FAD12D489BAF000A761B /* Icon-2@2x.png */,
				C6B5FAD22D489BAF000A761B /* Icon-2@3x.png */,
				C6B5FACD2D489B88000A761B /* Icon-3@2x.png */,
				C6B5FACE2D489B88000A761B /* Icon-3@3x.png */,
			);
			path = Icons;
			sourceTree = "<group>";
		};
		C626259D2862697600E84C79 /* Enums */ = {
			isa = PBXGroup;
			children = (
				C626259E2862698700E84C79 /* LoadingStatus.swift */,
				C62625AC2867493200E84C79 /* GroupBackgroundColor.swift */,
				C62625AE2867601400E84C79 /* ActivityUnit.swift */,
				C6E6386A29B3F345007DD574 /* ActivityCategory.swift */,
				C664D8EC29C3FE8000ACA1AB /* DaysForChallenge.swift */,
			);
			path = Enums;
			sourceTree = "<group>";
		};
		C62625A428673B3600E84C79 /* CreateGroup */ = {
			isa = PBXGroup;
			children = (
				C62625A02867397E00E84C79 /* CreateGroupView.swift */,
				C62625A228673B3100E84C79 /* CreateGroupViewModel.swift */,
			);
			path = CreateGroup;
			sourceTree = "<group>";
		};
		C630BDD9268C226A0066D8C3 /* Utilities */ = {
			isa = PBXGroup;
			children = (
				C630BDF9268C313B0066D8C3 /* Localize.swift */,
				C6667D2D2690FB5D00991913 /* UserPrefs.swift */,
				C613CFCC269559C70061DC49 /* EmailHelper.swift */,
				C69395B026ADC267005BAD98 /* ViewRouter.swift */,
				C69395B226B24BB3005BAD98 /* DateHelper.swift */,
				C6BCB2112766B0CD00D9677D /* TextHelper.swift */,
				C6C96025279296E300A67AA2 /* ColorSchemeHelper.swift */,
				C664A938279A174400EE2195 /* ActivityTemplateHelper.swift */,
				C68378BE2844115700ABB6B3 /* CloudKitHelper.swift */,
				C6E6386629B3C9E0007DD574 /* GlobalSettings.swift */,
				C6B5F2E42B9E1E0A001A45D7 /* NotificationHelper.swift */,
			);
			path = Utilities;
			sourceTree = "<group>";
		};
		C630BDDA268C227C0066D8C3 /* Models */ = {
			isa = PBXGroup;
			children = (
				C664A936279A156400EE2195 /* ActivityTemplate.swift */,
				C68378BC28440FF700ABB6B3 /* Activity.swift */,
				C68378C02844140500ABB6B3 /* Challenge.swift */,
				C68378C42844148400ABB6B3 /* UserGroup.swift */,
				C68378C62844152C00ABB6B3 /* User.swift */,
				C6F3113B294ED1C50096F09D /* CustomError.swift */,
				C640520529F032FA0054BD85 /* CompletedChallenge.swift */,
				C6C425082B2D74AC006C80DB /* SingleExerciseEntity.swift */,
				C6AAAD5C2B4293C3003DA91E /* GroupEntity.swift */,
			);
			path = Models;
			sourceTree = "<group>";
		};
		C630BDDC268C228B0066D8C3 /* Views */ = {
			isa = PBXGroup;
			children = (
				C6D4211B2BD0B31600765DAE /* ProUpgrade */,
				C6F31138294E66AC0096F09D /* JoinGroup */,
				C62625A428673B3600E84C79 /* CreateGroup */,
				C68378B92843F42900ABB6B3 /* Challenges */,
				C66A3728283F1C9B0096757C /* GroupOverview */,
				C689616828301AA4008A0C87 /* Tutorial */,
				C664A945279DCBFE00EE2195 /* Other */,
				C664A944279DCBEA00EE2195 /* Settings */,
				C6C9601C278FA4D000A67AA2 /* Home */,
				C6C9601B278FA4A600A67AA2 /* EditActivity */,
				C6C9601A278FA47900A67AA2 /* AddActivity */,
				C6C96017278FA22600A67AA2 /* Navigation */,
				C6667CE4268F8B7E00991913 /* MainView.swift */,
				C640520429F032B80054BD85 /* Stats */,
			);
			path = Views;
			sourceTree = "<group>";
		};
		C630BE04268D2D230066D8C3 /* SporadicTests */ = {
			isa = PBXGroup;
			children = (
				C630BE07268D2D230066D8C3 /* Info.plist */,
			);
			path = SporadicTests;
			sourceTree = "<group>";
		};
		C640520429F032B80054BD85 /* Stats */ = {
			isa = PBXGroup;
			children = (
				C68378D22849AC9800ABB6B3 /* Stats.swift */,
				C640520229F032B40054BD85 /* StatsViewModel.swift */,
				C6AAAD502B2F6F9C003DA91E /* StatsManager.swift */,
			);
			path = Stats;
			sourceTree = "<group>";
		};
		C65A01F126870098007A5B2F = {
			isa = PBXGroup;
			children = (
				C6D421192BD0B1A000765DAE /* SporadicProducts.storekit */,
				C6C4251B2B2D880A006C80DB /* SporadicWidgetExtension.entitlements */,
				C65A01FC26870098007A5B2F /* Sporadic */,
				C630BE04268D2D230066D8C3 /* SporadicTests */,
				C6C424D32B263188006C80DB /* SporadicWidget */,
				C6B5F2CA2B9D51C7001A45D7 /* OneSignalNotificationServiceExtension */,
				C6C424B42B262ECE006C80DB /* Frameworks */,
				C65A01FB26870098007A5B2F /* Products */,
			);
			sourceTree = "<group>";
		};
		C65A01FB26870098007A5B2F /* Products */ = {
			isa = PBXGroup;
			children = (
				C65A01FA26870098007A5B2F /* Sporadic.app */,
				C630BE03268D2D230066D8C3 /* SporadicTests.xctest */,
				C6C424D02B263188006C80DB /* SporadicWidgetExtension.appex */,
				C6B5F2C92B9D51C7001A45D7 /* OneSignalNotificationServiceExtension.appex */,
			);
			name = Products;
			sourceTree = "<group>";
		};
		C65A01FC26870098007A5B2F /* Sporadic */ = {
			isa = PBXGroup;
			children = (
				C6C960292794A6B700A67AA2 /* Sporadic.entitlements */,
				C626259D2862697600E84C79 /* Enums */,
				C6C96010278F908100A67AA2 /* Extensions */,
				C613CFCE26955C3D0061DC49 /* Icons */,
				C6B18F40268D4698003A5BAF /* Fonts */,
				C630BDDC268C228B0066D8C3 /* Views */,
				C630BDDA268C227C0066D8C3 /* Models */,
				C630BDD9268C226A0066D8C3 /* Utilities */,
				C65A01FD26870098007A5B2F /* StartApp.swift */,
				C65A020126870099007A5B2F /* Assets.xcassets */,
				C65A020626870099007A5B2F /* Info.plist */,
				C65A020326870099007A5B2F /* Preview Content */,
				C630BDF7268C2CB60066D8C3 /* Localizable.strings */,
				C6B5F2E12B9D6125001A45D7 /* onesignal-key.txt */,
			);
			path = Sporadic;
			sourceTree = "<group>";
		};
		C65A020326870099007A5B2F /* Preview Content */ = {
			isa = PBXGroup;
			children = (
				C65A020426870099007A5B2F /* Preview Assets.xcassets */,
			);
			path = "Preview Content";
			sourceTree = "<group>";
		};
		C664A944279DCBEA00EE2195 /* Settings */ = {
			isa = PBXGroup;
			children = (
				C6667CDE268F77D600991913 /* SettingsPage.swift */,
				C664A942279DC8CA00EE2195 /* SettingsViewModel.swift */,
			);
			path = Settings;
			sourceTree = "<group>";
		};
		C664A945279DCBFE00EE2195 /* Other */ = {
			isa = PBXGroup;
			children = (
				C68378C8284542D500ABB6B3 /* GroupList.swift */,
				C62625A628673F7A00E84C79 /* EmojiKeyboard.swift */,
				C6B0D6C7287B7E8C00EC6EE2 /* DeliveryTime.swift */,
				C6B0D6C9287FB53D00EC6EE2 /* LoadingIndicator.swift */,
				C6E6386829B3CC04007DD574 /* PlusButton.swift */,
				C664D8EA29C3FDBD00ACA1AB /* EditIcon.swift */,
				C6A59AFA2A14809800FFBC9D /* SelectedActivity.swift */,
				C67085672A4A6ED700E46EBD /* CloseButton.swift */,
				C66424CF27B856A700B574D7 /* Complete.swift */,
				C689616D28303572008A0C87 /* CustomSlider.swift */,
				C6401E2228E29FFA0096E002 /* GroupName.swift */,
				C6401E2428E2A0030096E002 /* EmojiSelector.swift */,
				C6401E2628E2A00D0096E002 /* GroupColor.swift */,
				C640EEF72954FDEF00C4058B /* LoadingBar.swift */,
				C664D8EE29C40EEF00ACA1AB /* RangeSelection.swift */,
				C6AAAD562B314988003DA91E /* GroupIcon.swift */,
				C6562DE52C991F5200B7B8E5 /* ActivityWidget.swift */,
			);
			path = Other;
			sourceTree = "<group>";
		};
		C66A3728283F1C9B0096757C /* GroupOverview */ = {
			isa = PBXGroup;
			children = (
				C66A3729283F1CB50096757C /* GroupOverview.swift */,
				C66A372B283F21CF0096757C /* GroupOverviewViewModel.swift */,
			);
			path = GroupOverview;
			sourceTree = "<group>";
		};
		C68378B92843F42900ABB6B3 /* Challenges */ = {
			isa = PBXGroup;
			children = (
				C68378BA2843F43B00ABB6B3 /* Challenges.swift */,
				C6B2CC3A285172DA008C979C /* ChallengeDetail.swift */,
			);
			path = Challenges;
			sourceTree = "<group>";
		};
		C689616828301AA4008A0C87 /* Tutorial */ = {
			isa = PBXGroup;
			children = (
				C689616928301AB3008A0C87 /* Tutorial.swift */,
				C61983202A26E52A00FCBDBA /* TutorialViewModel.swift */,
				C6562DE32C9919C800B7B8E5 /* ExerciseSelectionScreen.swift */,
			);
			path = Tutorial;
			sourceTree = "<group>";
		};
		C6AAAD5F2B4295F5003DA91E /* GroupStreakWidget */ = {
			isa = PBXGroup;
			children = (
				C6AAAD592B429005003DA91E /* GroupStreakWidget.swift */,
				C6AAAD602B429607003DA91E /* GroupStreakConfigurationIntent.swift */,
			);
			path = GroupStreakWidget;
			sourceTree = "<group>";
		};
		C6AAAD632B429617003DA91E /* SingleExerciseWidget */ = {
			isa = PBXGroup;
			children = (
				C6C424D62B263188006C80DB /* SingleExerciseWidget.swift */,
				C6C424D82B263188006C80DB /* SingleExerciseConfigurationIntent.swift */,
			);
			path = SingleExerciseWidget;
			sourceTree = "<group>";
		};
		C6B18F40268D4698003A5BAF /* Fonts */ = {
			isa = PBXGroup;
			children = (
				C68378D02849834D00ABB6B3 /* OFL.txt */,
				C68378CD2849834400ABB6B3 /* Lexend-Regular.ttf */,
				C68378CC2849834400ABB6B3 /* Lexend-SemiBold.ttf */,
			);
			path = Fonts;
			sourceTree = "<group>";
		};
		C6B5F2CA2B9D51C7001A45D7 /* OneSignalNotificationServiceExtension */ = {
			isa = PBXGroup;
			children = (
				C6B5F2D42B9D5244001A45D7 /* OneSignalNotificationServiceExtension.entitlements */,
				C6B5F2CB2B9D51C7001A45D7 /* NotificationService.swift */,
				C6B5F2CD2B9D51C7001A45D7 /* Info.plist */,
			);
			path = OneSignalNotificationServiceExtension;
			sourceTree = "<group>";
		};
		C6C424B42B262ECE006C80DB /* Frameworks */ = {
			isa = PBXGroup;
			children = (
				C6BD0D762BC1C47300F5EC76 /* StoreKit.framework */,
				C6C424B52B262ECE006C80DB /* WidgetKit.framework */,
				C6C424B72B262ECE006C80DB /* SwiftUI.framework */,
				C6C424E82B2D6BF0006C80DB /* Intents.framework */,
				C6C424F32B2D6BF0006C80DB /* IntentsUI.framework */,
			);
			name = Frameworks;
			sourceTree = "<group>";
		};
		C6C424D32B263188006C80DB /* SporadicWidget */ = {
			isa = PBXGroup;
			children = (
				C6AAAD632B429617003DA91E /* SingleExerciseWidget */,
				C6AAAD5F2B4295F5003DA91E /* GroupStreakWidget */,
				C6C424D42B263188006C80DB /* SporadicWidgetBundle.swift */,
				C6C424DA2B26318C006C80DB /* Assets.xcassets */,
				C6C424DC2B26318C006C80DB /* Info.plist */,
			);
			path = SporadicWidget;
			sourceTree = "<group>";
		};
		C6C96010278F908100A67AA2 /* Extensions */ = {
			isa = PBXGroup;
			children = (
				C6C96011278F90AC00A67AA2 /* ViewExtensions.swift */,
				C6C9601D278FA51700A67AA2 /* UIImageExtensions.swift */,
				C6C9601F278FA55000A67AA2 /* UIColorExtensions.swift */,
				C6C96021278FA64F00A67AA2 /* DateExtensions.swift */,
				C6C96023278FAC2300A67AA2 /* ButtonExtensions.swift */,
				C664A93E279A4D1600EE2195 /* DoubleExtensions.swift */,
				C689616B28301EED008A0C87 /* TransitionExtension.swift */,
				C68378D7284AA0A800ABB6B3 /* UINavigationControllerExtensions.swift */,
				C62625A82867418300E84C79 /* StringExtensions.swift */,
				C62625AA286741AB00E84C79 /* CharacterExtensions.swift */,
				C6CB07F028C1BDFC00F07164 /* CKAssetExtensions.swift */,
				C67085632A4166ED00E46EBD /* IntExtensions.swift */,
				C68C982E2A7FF7180080AC75 /* BindingExtensions.swift */,
				C68C98302A80114A0080AC75 /* SequenceExtensions.swift */,
				C6AAAD532B2F7669003DA91E /* CKDatabaseExtensions.swift */,
			);
			path = Extensions;
			sourceTree = "<group>";
		};
		C6C96017278FA22600A67AA2 /* Navigation */ = {
			isa = PBXGroup;
			children = (
				C6C96018278FA23500A67AA2 /* TabBarIcon.swift */,
				C6C96015278FA14200A67AA2 /* NavigationBar.swift */,
				C6B0D6C5287B664C00EC6EE2 /* BackButton.swift */,
			);
			path = Navigation;
			sourceTree = "<group>";
		};
		C6C9601A278FA47900A67AA2 /* AddActivity */ = {
			isa = PBXGroup;
			children = (
				C6C96013278F9F3C00A67AA2 /* AddCustomActivityPage.swift */,
				C664A940279A4D6300EE2195 /* AddActivityViewModel.swift */,
				C6B0D6CB2880FBB600EC6EE2 /* AddPage.swift */,
				C6CB07F428CD1C0700F07164 /* ActivitySelector.swift */,
				C69F4C4C2A09E30E006A4E62 /* ExerciseName.swift */,
			);
			path = AddActivity;
			sourceTree = "<group>";
		};
		C6C9601B278FA4A600A67AA2 /* EditActivity */ = {
			isa = PBXGroup;
			children = (
				C6620062278A58D9000AF577 /* EditActivity.swift */,
			);
			path = EditActivity;
			sourceTree = "<group>";
		};
		C6C9601C278FA4D000A67AA2 /* Home */ = {
			isa = PBXGroup;
			children = (
				C65A01FF26870098007A5B2F /* HomePage.swift */,
				C639448D279DDC4D00B2E62F /* HomeViewModel.swift */,
			);
			path = Home;
			sourceTree = "<group>";
		};
		C6D4211B2BD0B31600765DAE /* ProUpgrade */ = {
			isa = PBXGroup;
			children = (
				C6BD0D782BC226CA00F5EC76 /* StoreManager.swift */,
				C6BD0D742BC1AB8600F5EC76 /* Paywall.swift */,
			);
			path = ProUpgrade;
			sourceTree = "<group>";
		};
		C6F31138294E66AC0096F09D /* JoinGroup */ = {
			isa = PBXGroup;
			children = (
				C6F31136294E66A40096F09D /* JoinGroup.swift */,
				C6F31139294E66C00096F09D /* JoinGroupViewModel.swift */,
			);
			path = JoinGroup;
			sourceTree = "<group>";
		};
/* End PBXGroup section */

/* Begin PBXNativeTarget section */
		C630BE02268D2D230066D8C3 /* SporadicTests */ = {
			isa = PBXNativeTarget;
			buildConfigurationList = C630BE0A268D2D230066D8C3 /* Build configuration list for PBXNativeTarget "SporadicTests" */;
			buildPhases = (
				C630BDFF268D2D230066D8C3 /* Sources */,
				C630BE00268D2D230066D8C3 /* Frameworks */,
				C630BE01268D2D230066D8C3 /* Resources */,
			);
			buildRules = (
			);
			dependencies = (
				C630BE09268D2D230066D8C3 /* PBXTargetDependency */,
			);
			name = SporadicTests;
			productName = SporadicTests;
			productReference = C630BE03268D2D230066D8C3 /* SporadicTests.xctest */;
			productType = "com.apple.product-type.bundle.unit-test";
		};
		C65A01F926870098007A5B2F /* Sporadic */ = {
			isa = PBXNativeTarget;
			buildConfigurationList = C65A021F2687009A007A5B2F /* Build configuration list for PBXNativeTarget "Sporadic" */;
			buildPhases = (
				C65A01F626870098007A5B2F /* Sources */,
				C65A01F726870098007A5B2F /* Frameworks */,
				C65A01F826870098007A5B2F /* Resources */,
				C6C424C82B262ED1006C80DB /* Embed Foundation Extensions */,
			);
			buildRules = (
			);
			dependencies = (
				C6C424DE2B26318C006C80DB /* PBXTargetDependency */,
				C6B5F2CF2B9D51C7001A45D7 /* PBXTargetDependency */,
			);
			name = Sporadic;
			packageProductDependencies = (
				C6F4569E299DDE0B003DD2F4 /* ConfettiSwiftUI */,
				C6B5F2DD2B9D530A001A45D7 /* OneSignalFramework */,
				C65E6EFD2D3612DF004CC347 /* RangeSlider */,
				C65E6F002D361D15004CC347 /* RangeSlider */,
			);
			productName = GCMi;
			productReference = C65A01FA26870098007A5B2F /* Sporadic.app */;
			productType = "com.apple.product-type.application";
		};
		C6B5F2C82B9D51C7001A45D7 /* OneSignalNotificationServiceExtension */ = {
			isa = PBXNativeTarget;
			buildConfigurationList = C6B5F2D12B9D51C7001A45D7 /* Build configuration list for PBXNativeTarget "OneSignalNotificationServiceExtension" */;
			buildPhases = (
				C6B5F2C52B9D51C7001A45D7 /* Sources */,
				C6B5F2C62B9D51C7001A45D7 /* Frameworks */,
				C6B5F2C72B9D51C7001A45D7 /* Resources */,
			);
			buildRules = (
			);
			dependencies = (
			);
			name = OneSignalNotificationServiceExtension;
			packageProductDependencies = (
				C6B5F2DB2B9D530A001A45D7 /* OneSignalExtension */,
			);
			productName = OneSignalNotificationServiceExtension;
			productReference = C6B5F2C92B9D51C7001A45D7 /* OneSignalNotificationServiceExtension.appex */;
			productType = "com.apple.product-type.app-extension";
		};
		C6C424CF2B263188006C80DB /* SporadicWidgetExtension */ = {
			isa = PBXNativeTarget;
			buildConfigurationList = C6C424E02B26318C006C80DB /* Build configuration list for PBXNativeTarget "SporadicWidgetExtension" */;
			buildPhases = (
				C6C424CC2B263188006C80DB /* Sources */,
				C6C424CD2B263188006C80DB /* Frameworks */,
				C6C424CE2B263188006C80DB /* Resources */,
			);
			buildRules = (
			);
			dependencies = (
			);
			name = SporadicWidgetExtension;
			packageProductDependencies = (
				C6B5F2DF2B9D5332001A45D7 /* OneSignalFramework */,
			);
			productName = SporadicWidgetExtension;
			productReference = C6C424D02B263188006C80DB /* SporadicWidgetExtension.appex */;
			productType = "com.apple.product-type.app-extension";
		};
/* End PBXNativeTarget section */

/* Begin PBXProject section */
		C65A01F226870098007A5B2F /* Project object */ = {
			isa = PBXProject;
			attributes = {
				BuildIndependentTargetsInParallel = YES;
				LastSwiftUpdateCheck = 1500;
				LastUpgradeCheck = 1500;
				TargetAttributes = {
					C630BE02268D2D230066D8C3 = {
						CreatedOnToolsVersion = 12.5.1;
						LastSwiftMigration = 1310;
						TestTargetID = C65A01F926870098007A5B2F;
					};
					C65A01F926870098007A5B2F = {
						CreatedOnToolsVersion = 12.5.1;
					};
					C6B5F2C82B9D51C7001A45D7 = {
						CreatedOnToolsVersion = 15.0.1;
					};
					C6C424CF2B263188006C80DB = {
						CreatedOnToolsVersion = 15.0.1;
					};
				};
			};
			buildConfigurationList = C65A01F526870098007A5B2F /* Build configuration list for PBXProject "Sporadic" */;
			compatibilityVersion = "Xcode 9.3";
			developmentRegion = en;
			hasScannedForEncodings = 0;
			knownRegions = (
				en,
				Base,
				es,
			);
			mainGroup = C65A01F126870098007A5B2F;
			packageReferences = (
				C6F4569D299DDE0B003DD2F4 /* XCRemoteSwiftPackageReference "ConfettiSwiftUI" */,
				C6B5F2DA2B9D530A001A45D7 /* XCRemoteSwiftPackageReference "OneSignal-XCFramework" */,
				C65E6EFF2D361D15004CC347 /* XCRemoteSwiftPackageReference "RangeSlider" */,
			);
			productRefGroup = C65A01FB26870098007A5B2F /* Products */;
			projectDirPath = "";
			projectRoot = "";
			targets = (
				C65A01F926870098007A5B2F /* Sporadic */,
				C630BE02268D2D230066D8C3 /* SporadicTests */,
				C6C424CF2B263188006C80DB /* SporadicWidgetExtension */,
				C6B5F2C82B9D51C7001A45D7 /* OneSignalNotificationServiceExtension */,
			);
		};
/* End PBXProject section */

/* Begin PBXResourcesBuildPhase section */
		C630BE01268D2D230066D8C3 /* Resources */ = {
			isa = PBXResourcesBuildPhase;
			buildActionMask = 2147483647;
			files = (
			);
			runOnlyForDeploymentPostprocessing = 0;
		};
		C65A01F826870098007A5B2F /* Resources */ = {
			isa = PBXResourcesBuildPhase;
			buildActionMask = 2147483647;
			files = (
				C6D4211A2BD0B1A000765DAE /* SporadicProducts.storekit in Resources */,
				C630BDF5268C2CB60066D8C3 /* Localizable.strings in Resources */,
				C65A020526870099007A5B2F /* Preview Assets.xcassets in Resources */,
				C6B5FAD32D489BAF000A761B /* Icon-2@3x.png in Resources */,
				C6B5FAD42D489BAF000A761B /* Icon-2@2x.png in Resources */,
				C68378CE2849834400ABB6B3 /* Lexend-SemiBold.ttf in Resources */,
				C68378D12849834D00ABB6B3 /* OFL.txt in Resources */,
				C68378CF2849834400ABB6B3 /* Lexend-Regular.ttf in Resources */,
				C6B5FACF2D489B88000A761B /* Icon-3@3x.png in Resources */,
				C6B5FAD02D489B88000A761B /* Icon-3@2x.png in Resources */,
				C6B5F2E22B9D6125001A45D7 /* onesignal-key.txt in Resources */,
				C65A020226870099007A5B2F /* Assets.xcassets in Resources */,
			);
			runOnlyForDeploymentPostprocessing = 0;
		};
		C6B5F2C72B9D51C7001A45D7 /* Resources */ = {
			isa = PBXResourcesBuildPhase;
			buildActionMask = 2147483647;
			files = (
			);
			runOnlyForDeploymentPostprocessing = 0;
		};
		C6C424CE2B263188006C80DB /* Resources */ = {
			isa = PBXResourcesBuildPhase;
			buildActionMask = 2147483647;
			files = (
				C6AAAD6A2B4651F1003DA91E /* Lexend-SemiBold.ttf in Resources */,
				C6B5F2E32B9D6132001A45D7 /* onesignal-key.txt in Resources */,
				C6AAAD682B4651F1003DA91E /* OFL.txt in Resources */,
				C6AAAD692B4651F1003DA91E /* Lexend-Regular.ttf in Resources */,
				C6AAAD672B4651BA003DA91E /* Assets.xcassets in Resources */,
				C6C424DB2B26318C006C80DB /* Assets.xcassets in Resources */,
			);
			runOnlyForDeploymentPostprocessing = 0;
		};
/* End PBXResourcesBuildPhase section */

/* Begin PBXSourcesBuildPhase section */
		C630BDFF268D2D230066D8C3 /* Sources */ = {
			isa = PBXSourcesBuildPhase;
			buildActionMask = 2147483647;
			files = (
			);
			runOnlyForDeploymentPostprocessing = 0;
		};
		C65A01F626870098007A5B2F /* Sources */ = {
			isa = PBXSourcesBuildPhase;
			buildActionMask = 2147483647;
			files = (
				C626259F2862698700E84C79 /* LoadingStatus.swift in Sources */,
				C68C982F2A7FF7180080AC75 /* BindingExtensions.swift in Sources */,
				C68378C52844148400ABB6B3 /* UserGroup.swift in Sources */,
				C67085642A4166ED00E46EBD /* IntExtensions.swift in Sources */,
				C62625A728673F7A00E84C79 /* EmojiKeyboard.swift in Sources */,
				C6401E2528E2A0030096E002 /* EmojiSelector.swift in Sources */,
				C61983212A26E52A00FCBDBA /* TutorialViewModel.swift in Sources */,
				C69395B326B24BB3005BAD98 /* DateHelper.swift in Sources */,
				C6B0D6C6287B664C00EC6EE2 /* BackButton.swift in Sources */,
				C69395B126ADC267005BAD98 /* ViewRouter.swift in Sources */,
				C62625AB286741AB00E84C79 /* CharacterExtensions.swift in Sources */,
				C640520629F032FA0054BD85 /* CompletedChallenge.swift in Sources */,
				C68378C9284542D500ABB6B3 /* GroupList.swift in Sources */,
				C664D8EB29C3FDBD00ACA1AB /* EditIcon.swift in Sources */,
				C664A939279A174400EE2195 /* ActivityTemplateHelper.swift in Sources */,
				C6C96022278FA64F00A67AA2 /* DateExtensions.swift in Sources */,
				C66424D027B856A700B574D7 /* Complete.swift in Sources */,
				C6BCB2122766B0CD00D9677D /* TextHelper.swift in Sources */,
				C6667CE5268F8B7E00991913 /* MainView.swift in Sources */,
				C62625A92867418300E84C79 /* StringExtensions.swift in Sources */,
				C664D8EF29C40EEF00ACA1AB /* RangeSelection.swift in Sources */,
				C6C96012278F90AC00A67AA2 /* ViewExtensions.swift in Sources */,
				C66A372C283F21CF0096757C /* GroupOverviewViewModel.swift in Sources */,
				C639448E279DDC4D00B2E62F /* HomeViewModel.swift in Sources */,
				C6562DE62C991F5200B7B8E5 /* ActivityWidget.swift in Sources */,
				C68378D8284AA0A800ABB6B3 /* UINavigationControllerExtensions.swift in Sources */,
				C6C96019278FA23500A67AA2 /* TabBarIcon.swift in Sources */,
				C6E6386B29B3F345007DD574 /* ActivityCategory.swift in Sources */,
				C6F31137294E66A40096F09D /* JoinGroup.swift in Sources */,
				C68378BD28440FF700ABB6B3 /* Activity.swift in Sources */,
				C67085682A4A6ED700E46EBD /* CloseButton.swift in Sources */,
				C6BD0D752BC1AB8600F5EC76 /* Paywall.swift in Sources */,
				C613CFCD269559C70061DC49 /* EmailHelper.swift in Sources */,
				C68378BF2844115700ABB6B3 /* CloudKitHelper.swift in Sources */,
				C68378D32849AC9800ABB6B3 /* Stats.swift in Sources */,
				C68378BB2843F43B00ABB6B3 /* Challenges.swift in Sources */,
				C6401E2328E29FFA0096E002 /* GroupName.swift in Sources */,
				C640520329F032B40054BD85 /* StatsViewModel.swift in Sources */,
				C62625A328673B3100E84C79 /* CreateGroupViewModel.swift in Sources */,
				C6B0D6C8287B7E8D00EC6EE2 /* DeliveryTime.swift in Sources */,
				C65A020026870098007A5B2F /* HomePage.swift in Sources */,
				C62625A12867397E00E84C79 /* CreateGroupView.swift in Sources */,
				C6E6386729B3C9E0007DD574 /* GlobalSettings.swift in Sources */,
				C6B0D6CC2880FBB600EC6EE2 /* AddPage.swift in Sources */,
				C6F3113C294ED1C50096F09D /* CustomError.swift in Sources */,
				C6AAAD572B314988003DA91E /* GroupIcon.swift in Sources */,
				C68378C12844140500ABB6B3 /* Challenge.swift in Sources */,
				C6C96020278FA55000A67AA2 /* UIColorExtensions.swift in Sources */,
				C6C425092B2D74AC006C80DB /* SingleExerciseEntity.swift in Sources */,
				C689616A28301AB3008A0C87 /* Tutorial.swift in Sources */,
				C68C98312A80114A0080AC75 /* SequenceExtensions.swift in Sources */,
				C6620063278A58D9000AF577 /* EditActivity.swift in Sources */,
				C6B2CC3B285172DA008C979C /* ChallengeDetail.swift in Sources */,
				C6562DE42C9919C800B7B8E5 /* ExerciseSelectionScreen.swift in Sources */,
				C6C96016278FA14200A67AA2 /* NavigationBar.swift in Sources */,
				C6AAAD542B2F7669003DA91E /* CKDatabaseExtensions.swift in Sources */,
				C68378C72844152C00ABB6B3 /* User.swift in Sources */,
				C640EEF82954FDEF00C4058B /* LoadingBar.swift in Sources */,
				C6C9601E278FA51700A67AA2 /* UIImageExtensions.swift in Sources */,
				C6C96014278F9F3C00A67AA2 /* AddCustomActivityPage.swift in Sources */,
				C6C96024278FAC2300A67AA2 /* ButtonExtensions.swift in Sources */,
				C65A01FE26870098007A5B2F /* StartApp.swift in Sources */,
				C689616C28301EED008A0C87 /* TransitionExtension.swift in Sources */,
				C689616E28303572008A0C87 /* CustomSlider.swift in Sources */,
				C6AAAD5D2B4293C3003DA91E /* GroupEntity.swift in Sources */,
				C6E6386929B3CC04007DD574 /* PlusButton.swift in Sources */,
				C62625AF2867601400E84C79 /* ActivityUnit.swift in Sources */,
				C6F3113A294E66C00096F09D /* JoinGroupViewModel.swift in Sources */,
				C6401E2728E2A00D0096E002 /* GroupColor.swift in Sources */,
				C6BD0D792BC226CA00F5EC76 /* StoreManager.swift in Sources */,
				C62625AD2867493200E84C79 /* GroupBackgroundColor.swift in Sources */,
				C66A372A283F1CB50096757C /* GroupOverview.swift in Sources */,
				C664D8ED29C3FE8000ACA1AB /* DaysForChallenge.swift in Sources */,
				C664A937279A156400EE2195 /* ActivityTemplate.swift in Sources */,
				C6667D2E2690FB5D00991913 /* UserPrefs.swift in Sources */,
				C6CB07F128C1BDFC00F07164 /* CKAssetExtensions.swift in Sources */,
				C6B0D6CA287FB53D00EC6EE2 /* LoadingIndicator.swift in Sources */,
				C6C96026279296E300A67AA2 /* ColorSchemeHelper.swift in Sources */,
				C664A93F279A4D1600EE2195 /* DoubleExtensions.swift in Sources */,
				C69F4C4D2A09E30E006A4E62 /* ExerciseName.swift in Sources */,
				C6667CDF268F77D600991913 /* SettingsPage.swift in Sources */,
				C630BDFA268C313B0066D8C3 /* Localize.swift in Sources */,
				C664A941279A4D6300EE2195 /* AddActivityViewModel.swift in Sources */,
				C6A59AFB2A14809800FFBC9D /* SelectedActivity.swift in Sources */,
				C6AAAD512B2F6F9C003DA91E /* StatsManager.swift in Sources */,
				C664A943279DC8CA00EE2195 /* SettingsViewModel.swift in Sources */,
				C6B5F2E52B9E1E0A001A45D7 /* NotificationHelper.swift in Sources */,
				C6CB07F528CD1C0700F07164 /* ActivitySelector.swift in Sources */,
			);
			runOnlyForDeploymentPostprocessing = 0;
		};
		C6B5F2C52B9D51C7001A45D7 /* Sources */ = {
			isa = PBXSourcesBuildPhase;
			buildActionMask = 2147483647;
			files = (
				C6B5F2CC2B9D51C7001A45D7 /* NotificationService.swift in Sources */,
			);
			runOnlyForDeploymentPostprocessing = 0;
		};
		C6C424CC2B263188006C80DB /* Sources */ = {
			isa = PBXSourcesBuildPhase;
			buildActionMask = 2147483647;
			files = (
				C6C4250D2B2D7B6F006C80DB /* ActivityTemplate.swift in Sources */,
				C6C425172B2D7BF4006C80DB /* DateExtensions.swift in Sources */,
				C6C425132B2D7B7D006C80DB /* ActivityUnit.swift in Sources */,
				C6C425152B2D7B95006C80DB /* ActivityCategory.swift in Sources */,
				C6AAAD662B464C1D003DA91E /* DoubleExtensions.swift in Sources */,
				C6AAAD652B4648B4003DA91E /* TextHelper.swift in Sources */,
				C6AAAD582B314988003DA91E /* GroupIcon.swift in Sources */,
				C6C424D72B263188006C80DB /* SingleExerciseWidget.swift in Sources */,
				C6AAAD522B2F6F9C003DA91E /* StatsManager.swift in Sources */,
				C6C4250C2B2D7B6F006C80DB /* Challenge.swift in Sources */,
				C6C4250E2B2D7B6F006C80DB /* CompletedChallenge.swift in Sources */,
				C6C4251A2B2D7C42006C80DB /* UIImageExtensions.swift in Sources */,
				C6C425182B2D7BFA006C80DB /* GroupBackgroundColor.swift in Sources */,
				C6C424D52B263188006C80DB /* SporadicWidgetBundle.swift in Sources */,
				C6C425102B2D7B6F006C80DB /* CustomError.swift in Sources */,
				C6C4250A2B2D7B30006C80DB /* SingleExerciseEntity.swift in Sources */,
				C6C4250B2B2D7B5C006C80DB /* CloudKitHelper.swift in Sources */,
				C6B5F2E62B9E1E5C001A45D7 /* NotificationHelper.swift in Sources */,
				C6C425122B2D7B6F006C80DB /* User.swift in Sources */,
				C6AAAD622B429607003DA91E /* GroupStreakConfigurationIntent.swift in Sources */,
				C6C4250F2B2D7B6F006C80DB /* UserGroup.swift in Sources */,
				C6AAAD5E2B4293C3003DA91E /* GroupEntity.swift in Sources */,
				C6C425162B2D7BA1006C80DB /* Localize.swift in Sources */,
				C6C425112B2D7B6F006C80DB /* Activity.swift in Sources */,
				C6AAAD552B2F7669003DA91E /* CKDatabaseExtensions.swift in Sources */,
				C6C425142B2D7B88006C80DB /* ActivityTemplateHelper.swift in Sources */,
				C6AAAD5B2B429005003DA91E /* GroupStreakWidget.swift in Sources */,
				C6C424D92B263188006C80DB /* SingleExerciseConfigurationIntent.swift in Sources */,
				C6C425192B2D7C0F006C80DB /* CKAssetExtensions.swift in Sources */,
			);
			runOnlyForDeploymentPostprocessing = 0;
		};
/* End PBXSourcesBuildPhase section */

/* Begin PBXTargetDependency section */
		C630BE09268D2D230066D8C3 /* PBXTargetDependency */ = {
			isa = PBXTargetDependency;
			target = C65A01F926870098007A5B2F /* Sporadic */;
			targetProxy = C630BE08268D2D230066D8C3 /* PBXContainerItemProxy */;
		};
		C6B5F2CF2B9D51C7001A45D7 /* PBXTargetDependency */ = {
			isa = PBXTargetDependency;
			target = C6B5F2C82B9D51C7001A45D7 /* OneSignalNotificationServiceExtension */;
			targetProxy = C6B5F2CE2B9D51C7001A45D7 /* PBXContainerItemProxy */;
		};
		C6C424DE2B26318C006C80DB /* PBXTargetDependency */ = {
			isa = PBXTargetDependency;
			target = C6C424CF2B263188006C80DB /* SporadicWidgetExtension */;
			targetProxy = C6C424DD2B26318C006C80DB /* PBXContainerItemProxy */;
		};
/* End PBXTargetDependency section */

/* Begin PBXVariantGroup section */
		C630BDF7268C2CB60066D8C3 /* Localizable.strings */ = {
			isa = PBXVariantGroup;
			children = (
				C630BDF6268C2CB60066D8C3 /* en */,
			);
			name = Localizable.strings;
			sourceTree = "<group>";
		};
/* End PBXVariantGroup section */

/* Begin XCBuildConfiguration section */
		C630BE0B268D2D230066D8C3 /* Debug */ = {
			isa = XCBuildConfiguration;
			buildSettings = {
				BUNDLE_LOADER = "$(TEST_HOST)";
				CLANG_ENABLE_MODULES = YES;
				CODE_SIGN_STYLE = Automatic;
				DEVELOPMENT_TEAM = K9JT8S56CG;
				INFOPLIST_FILE = SporadicTests/Info.plist;
				LD_RUNPATH_SEARCH_PATHS = (
					"$(inherited)",
					"@executable_path/Frameworks",
					"@loader_path/Frameworks",
				);
				PRODUCT_BUNDLE_IDENTIFIER = com.brendanperry.SporadicTests;
				PRODUCT_NAME = "$(TARGET_NAME)";
				SWIFT_OPTIMIZATION_LEVEL = "-Onone";
				SWIFT_VERSION = 5.0;
				TARGETED_DEVICE_FAMILY = "1,2";
				TEST_HOST = "$(BUILT_PRODUCTS_DIR)/Sporadic.app/Sporadic";
			};
			name = Debug;
		};
		C630BE0C268D2D230066D8C3 /* Release */ = {
			isa = XCBuildConfiguration;
			buildSettings = {
				BUNDLE_LOADER = "$(TEST_HOST)";
				CLANG_ENABLE_MODULES = YES;
				CODE_SIGN_STYLE = Automatic;
				DEVELOPMENT_TEAM = K9JT8S56CG;
				INFOPLIST_FILE = SporadicTests/Info.plist;
				LD_RUNPATH_SEARCH_PATHS = (
					"$(inherited)",
					"@executable_path/Frameworks",
					"@loader_path/Frameworks",
				);
				PRODUCT_BUNDLE_IDENTIFIER = com.brendanperry.SporadicTests;
				PRODUCT_NAME = "$(TARGET_NAME)";
				SWIFT_VERSION = 5.0;
				TARGETED_DEVICE_FAMILY = "1,2";
				TEST_HOST = "$(BUILT_PRODUCTS_DIR)/Sporadic.app/Sporadic";
			};
			name = Release;
		};
		C65A021D2687009A007A5B2F /* Debug */ = {
			isa = XCBuildConfiguration;
			buildSettings = {
				ALWAYS_SEARCH_USER_PATHS = NO;
				ASSETCATALOG_COMPILER_GENERATE_SWIFT_ASSET_SYMBOL_EXTENSIONS = YES;
				CLANG_ANALYZER_LOCALIZABILITY_NONLOCALIZED = YES;
				CLANG_ANALYZER_NONNULL = YES;
				CLANG_ANALYZER_NUMBER_OBJECT_CONVERSION = YES_AGGRESSIVE;
				CLANG_CXX_LANGUAGE_STANDARD = "gnu++14";
				CLANG_CXX_LIBRARY = "libc++";
				CLANG_ENABLE_MODULES = YES;
				CLANG_ENABLE_OBJC_ARC = YES;
				CLANG_ENABLE_OBJC_WEAK = YES;
				CLANG_WARN_BLOCK_CAPTURE_AUTORELEASING = YES;
				CLANG_WARN_BOOL_CONVERSION = YES;
				CLANG_WARN_COMMA = YES;
				CLANG_WARN_CONSTANT_CONVERSION = YES;
				CLANG_WARN_DEPRECATED_OBJC_IMPLEMENTATIONS = YES;
				CLANG_WARN_DIRECT_OBJC_ISA_USAGE = YES_ERROR;
				CLANG_WARN_DOCUMENTATION_COMMENTS = YES;
				CLANG_WARN_EMPTY_BODY = YES;
				CLANG_WARN_ENUM_CONVERSION = YES;
				CLANG_WARN_INFINITE_RECURSION = YES;
				CLANG_WARN_INT_CONVERSION = YES;
				CLANG_WARN_NON_LITERAL_NULL_CONVERSION = YES;
				CLANG_WARN_OBJC_IMPLICIT_RETAIN_SELF = YES;
				CLANG_WARN_OBJC_LITERAL_CONVERSION = YES;
				CLANG_WARN_OBJC_ROOT_CLASS = YES_ERROR;
				CLANG_WARN_QUOTED_INCLUDE_IN_FRAMEWORK_HEADER = YES;
				CLANG_WARN_RANGE_LOOP_ANALYSIS = YES;
				CLANG_WARN_STRICT_PROTOTYPES = YES;
				CLANG_WARN_SUSPICIOUS_MOVE = YES;
				CLANG_WARN_UNGUARDED_AVAILABILITY = YES_AGGRESSIVE;
				CLANG_WARN_UNREACHABLE_CODE = YES;
				CLANG_WARN__DUPLICATE_METHOD_MATCH = YES;
				COPY_PHASE_STRIP = NO;
				DEBUG_INFORMATION_FORMAT = dwarf;
				ENABLE_STRICT_OBJC_MSGSEND = YES;
				ENABLE_TESTABILITY = YES;
				GCC_C_LANGUAGE_STANDARD = gnu11;
				GCC_DYNAMIC_NO_PIC = NO;
				GCC_NO_COMMON_BLOCKS = YES;
				GCC_OPTIMIZATION_LEVEL = 0;
				GCC_PREPROCESSOR_DEFINITIONS = (
					"DEBUG=1",
					"$(inherited)",
				);
				GCC_WARN_64_TO_32_BIT_CONVERSION = YES;
				GCC_WARN_ABOUT_RETURN_TYPE = YES_ERROR;
				GCC_WARN_UNDECLARED_SELECTOR = YES;
				GCC_WARN_UNINITIALIZED_AUTOS = YES_AGGRESSIVE;
				GCC_WARN_UNUSED_FUNCTION = YES;
				GCC_WARN_UNUSED_VARIABLE = YES;
				IPHONEOS_DEPLOYMENT_TARGET = 16.0;
				MTL_ENABLE_DEBUG_INFO = INCLUDE_SOURCE;
				MTL_FAST_MATH = YES;
				ONLY_ACTIVE_ARCH = YES;
				SDKROOT = iphoneos;
				SWIFT_ACTIVE_COMPILATION_CONDITIONS = DEBUG;
				SWIFT_OPTIMIZATION_LEVEL = "-Onone";
			};
			name = Debug;
		};
		C65A021E2687009A007A5B2F /* Release */ = {
			isa = XCBuildConfiguration;
			buildSettings = {
				ALWAYS_SEARCH_USER_PATHS = NO;
				ASSETCATALOG_COMPILER_GENERATE_SWIFT_ASSET_SYMBOL_EXTENSIONS = YES;
				CLANG_ANALYZER_LOCALIZABILITY_NONLOCALIZED = YES;
				CLANG_ANALYZER_NONNULL = YES;
				CLANG_ANALYZER_NUMBER_OBJECT_CONVERSION = YES_AGGRESSIVE;
				CLANG_CXX_LANGUAGE_STANDARD = "gnu++14";
				CLANG_CXX_LIBRARY = "libc++";
				CLANG_ENABLE_MODULES = YES;
				CLANG_ENABLE_OBJC_ARC = YES;
				CLANG_ENABLE_OBJC_WEAK = YES;
				CLANG_WARN_BLOCK_CAPTURE_AUTORELEASING = YES;
				CLANG_WARN_BOOL_CONVERSION = YES;
				CLANG_WARN_COMMA = YES;
				CLANG_WARN_CONSTANT_CONVERSION = YES;
				CLANG_WARN_DEPRECATED_OBJC_IMPLEMENTATIONS = YES;
				CLANG_WARN_DIRECT_OBJC_ISA_USAGE = YES_ERROR;
				CLANG_WARN_DOCUMENTATION_COMMENTS = YES;
				CLANG_WARN_EMPTY_BODY = YES;
				CLANG_WARN_ENUM_CONVERSION = YES;
				CLANG_WARN_INFINITE_RECURSION = YES;
				CLANG_WARN_INT_CONVERSION = YES;
				CLANG_WARN_NON_LITERAL_NULL_CONVERSION = YES;
				CLANG_WARN_OBJC_IMPLICIT_RETAIN_SELF = YES;
				CLANG_WARN_OBJC_LITERAL_CONVERSION = YES;
				CLANG_WARN_OBJC_ROOT_CLASS = YES_ERROR;
				CLANG_WARN_QUOTED_INCLUDE_IN_FRAMEWORK_HEADER = YES;
				CLANG_WARN_RANGE_LOOP_ANALYSIS = YES;
				CLANG_WARN_STRICT_PROTOTYPES = YES;
				CLANG_WARN_SUSPICIOUS_MOVE = YES;
				CLANG_WARN_UNGUARDED_AVAILABILITY = YES_AGGRESSIVE;
				CLANG_WARN_UNREACHABLE_CODE = YES;
				CLANG_WARN__DUPLICATE_METHOD_MATCH = YES;
				COPY_PHASE_STRIP = NO;
				DEBUG_INFORMATION_FORMAT = "dwarf-with-dsym";
				ENABLE_NS_ASSERTIONS = NO;
				ENABLE_STRICT_OBJC_MSGSEND = YES;
				GCC_C_LANGUAGE_STANDARD = gnu11;
				GCC_NO_COMMON_BLOCKS = YES;
				GCC_WARN_64_TO_32_BIT_CONVERSION = YES;
				GCC_WARN_ABOUT_RETURN_TYPE = YES_ERROR;
				GCC_WARN_UNDECLARED_SELECTOR = YES;
				GCC_WARN_UNINITIALIZED_AUTOS = YES_AGGRESSIVE;
				GCC_WARN_UNUSED_FUNCTION = YES;
				GCC_WARN_UNUSED_VARIABLE = YES;
				IPHONEOS_DEPLOYMENT_TARGET = 16.0;
				MTL_ENABLE_DEBUG_INFO = NO;
				MTL_FAST_MATH = YES;
				SDKROOT = iphoneos;
				SWIFT_COMPILATION_MODE = wholemodule;
				SWIFT_OPTIMIZATION_LEVEL = "-O";
				VALIDATE_PRODUCT = YES;
			};
			name = Release;
		};
		C65A02202687009A007A5B2F /* Debug */ = {
			isa = XCBuildConfiguration;
			buildSettings = {
				ALWAYS_EMBED_SWIFT_STANDARD_LIBRARIES = YES;
				ASSETCATALOG_COMPILER_ALTERNATE_APPICON_NAMES = AppIcon24;
				ASSETCATALOG_COMPILER_APPICON_NAME = AppIcon;
				ASSETCATALOG_COMPILER_GLOBAL_ACCENT_COLOR_NAME = AccentColor;
				ASSETCATALOG_COMPILER_INCLUDE_ALL_APPICON_ASSETS = YES;
				CODE_SIGN_ENTITLEMENTS = Sporadic/Sporadic.entitlements;
				CODE_SIGN_IDENTITY = "Apple Development";
				CODE_SIGN_STYLE = Automatic;
				CURRENT_PROJECT_VERSION = 1;
				DEVELOPMENT_ASSET_PATHS = "\"Sporadic/Preview Content\"";
				DEVELOPMENT_TEAM = K9JT8S56CG;
				ENABLE_PREVIEWS = YES;
				INFOPLIST_FILE = Sporadic/Info.plist;
				INFOPLIST_KEY_CFBundleDisplayName = Sporadic;
				INFOPLIST_KEY_LSApplicationCategoryType = "public.app-category.healthcare-fitness";
				IPHONEOS_DEPLOYMENT_TARGET = 16.0;
				LD_RUNPATH_SEARCH_PATHS = (
					"$(inherited)",
					"@executable_path/Frameworks",
				);
				MARKETING_VERSION = 3.2.1;
				PRODUCT_BUNDLE_IDENTIFIER = com.brendanperry.sporadic;
				PRODUCT_NAME = "$(TARGET_NAME)";
				PROVISIONING_PROFILE_SPECIFIER = "";
				SUPPORTED_PLATFORMS = "iphoneos iphonesimulator";
				SUPPORTS_MACCATALYST = NO;
				SWIFT_VERSION = 5.0;
				TARGETED_DEVICE_FAMILY = 1;
			};
			name = Debug;
		};
		C65A02212687009A007A5B2F /* Release */ = {
			isa = XCBuildConfiguration;
			buildSettings = {
				ALWAYS_EMBED_SWIFT_STANDARD_LIBRARIES = YES;
				ASSETCATALOG_COMPILER_ALTERNATE_APPICON_NAMES = AppIcon24;
				"ASSETCATALOG_COMPILER_ALTERNATE_APPICON_NAMES[sdk=*]" = AppIcon24;
				ASSETCATALOG_COMPILER_APPICON_NAME = AppIcon;
				ASSETCATALOG_COMPILER_GLOBAL_ACCENT_COLOR_NAME = AccentColor;
				ASSETCATALOG_COMPILER_INCLUDE_ALL_APPICON_ASSETS = YES;
				CODE_SIGN_ENTITLEMENTS = Sporadic/Sporadic.entitlements;
				CODE_SIGN_IDENTITY = "Apple Development";
				CODE_SIGN_STYLE = Automatic;
				CURRENT_PROJECT_VERSION = 1;
				DEVELOPMENT_ASSET_PATHS = "\"Sporadic/Preview Content\"";
				DEVELOPMENT_TEAM = K9JT8S56CG;
				ENABLE_PREVIEWS = YES;
				INFOPLIST_FILE = Sporadic/Info.plist;
				INFOPLIST_KEY_CFBundleDisplayName = Sporadic;
				INFOPLIST_KEY_LSApplicationCategoryType = "public.app-category.healthcare-fitness";
				IPHONEOS_DEPLOYMENT_TARGET = 16.0;
				LD_RUNPATH_SEARCH_PATHS = (
					"$(inherited)",
					"@executable_path/Frameworks",
				);
				MARKETING_VERSION = 3.2.1;
				PRODUCT_BUNDLE_IDENTIFIER = com.brendanperry.sporadic;
				PRODUCT_NAME = "$(TARGET_NAME)";
				PROVISIONING_PROFILE_SPECIFIER = "";
				SUPPORTED_PLATFORMS = "iphoneos iphonesimulator";
				SUPPORTS_MACCATALYST = NO;
				SWIFT_VERSION = 5.0;
				TARGETED_DEVICE_FAMILY = 1;
			};
			name = Release;
		};
		C6B5F2D22B9D51C7001A45D7 /* Debug */ = {
			isa = XCBuildConfiguration;
			buildSettings = {
				CLANG_CXX_LANGUAGE_STANDARD = "gnu++20";
				CODE_SIGN_ENTITLEMENTS = OneSignalNotificationServiceExtension/OneSignalNotificationServiceExtension.entitlements;
				CODE_SIGN_IDENTITY = "Apple Development";
				CODE_SIGN_STYLE = Automatic;
				CURRENT_PROJECT_VERSION = 4;
				DEVELOPMENT_TEAM = K9JT8S56CG;
				ENABLE_USER_SCRIPT_SANDBOXING = YES;
				GCC_C_LANGUAGE_STANDARD = gnu17;
				GENERATE_INFOPLIST_FILE = YES;
				INFOPLIST_FILE = OneSignalNotificationServiceExtension/Info.plist;
				INFOPLIST_KEY_CFBundleDisplayName = OneSignalNotificationServiceExtension;
				INFOPLIST_KEY_NSHumanReadableCopyright = "";
				IPHONEOS_DEPLOYMENT_TARGET = 16.0;
				LD_RUNPATH_SEARCH_PATHS = (
					"$(inherited)",
					"@executable_path/Frameworks",
					"@executable_path/../../Frameworks",
				);
				LOCALIZATION_PREFERS_STRING_CATALOGS = YES;
				MARKETING_VERSION = 2.0.0;
				PRODUCT_BUNDLE_IDENTIFIER = com.brendanperry.sporadic.OneSignalNotificationServiceExtension;
				PRODUCT_NAME = "$(TARGET_NAME)";
				SKIP_INSTALL = YES;
				SWIFT_ACTIVE_COMPILATION_CONDITIONS = "DEBUG $(inherited)";
				SWIFT_EMIT_LOC_STRINGS = YES;
				SWIFT_VERSION = 5.0;
				TARGETED_DEVICE_FAMILY = "1,2";
			};
			name = Debug;
		};
		C6B5F2D32B9D51C7001A45D7 /* Release */ = {
			isa = XCBuildConfiguration;
			buildSettings = {
				CLANG_CXX_LANGUAGE_STANDARD = "gnu++20";
				CODE_SIGN_ENTITLEMENTS = OneSignalNotificationServiceExtension/OneSignalNotificationServiceExtension.entitlements;
				CODE_SIGN_IDENTITY = "Apple Development";
				CODE_SIGN_STYLE = Automatic;
				CURRENT_PROJECT_VERSION = 4;
				DEVELOPMENT_TEAM = K9JT8S56CG;
				ENABLE_USER_SCRIPT_SANDBOXING = YES;
				GCC_C_LANGUAGE_STANDARD = gnu17;
				GENERATE_INFOPLIST_FILE = YES;
				INFOPLIST_FILE = OneSignalNotificationServiceExtension/Info.plist;
				INFOPLIST_KEY_CFBundleDisplayName = OneSignalNotificationServiceExtension;
				INFOPLIST_KEY_NSHumanReadableCopyright = "";
				IPHONEOS_DEPLOYMENT_TARGET = 16.0;
				LD_RUNPATH_SEARCH_PATHS = (
					"$(inherited)",
					"@executable_path/Frameworks",
					"@executable_path/../../Frameworks",
				);
				LOCALIZATION_PREFERS_STRING_CATALOGS = YES;
				MARKETING_VERSION = 2.0.0;
				PRODUCT_BUNDLE_IDENTIFIER = com.brendanperry.sporadic.OneSignalNotificationServiceExtension;
				PRODUCT_NAME = "$(TARGET_NAME)";
				SKIP_INSTALL = YES;
				SWIFT_EMIT_LOC_STRINGS = YES;
				SWIFT_VERSION = 5.0;
				TARGETED_DEVICE_FAMILY = "1,2";
			};
			name = Release;
		};
		C6C424E12B26318C006C80DB /* Debug */ = {
			isa = XCBuildConfiguration;
			buildSettings = {
				ASSETCATALOG_COMPILER_GENERATE_SWIFT_ASSET_SYMBOL_EXTENSIONS = YES;
				ASSETCATALOG_COMPILER_GLOBAL_ACCENT_COLOR_NAME = AccentColor;
				ASSETCATALOG_COMPILER_WIDGET_BACKGROUND_COLOR_NAME = WidgetBackground;
				CLANG_CXX_LANGUAGE_STANDARD = "gnu++20";
				CODE_SIGN_ENTITLEMENTS = SporadicWidgetExtension.entitlements;
				CODE_SIGN_IDENTITY = "Apple Development";
				CODE_SIGN_STYLE = Automatic;
				CURRENT_PROJECT_VERSION = 4;
				DEVELOPMENT_TEAM = K9JT8S56CG;
				ENABLE_USER_SCRIPT_SANDBOXING = YES;
				GCC_C_LANGUAGE_STANDARD = gnu17;
				GENERATE_INFOPLIST_FILE = YES;
				INFOPLIST_FILE = SporadicWidget/Info.plist;
				INFOPLIST_KEY_CFBundleDisplayName = SporadicWidget;
				INFOPLIST_KEY_NSHumanReadableCopyright = "";
				IPHONEOS_DEPLOYMENT_TARGET = 17.0;
				LD_RUNPATH_SEARCH_PATHS = (
					"$(inherited)",
					"@executable_path/Frameworks",
					"@executable_path/../../Frameworks",
				);
				LOCALIZATION_PREFERS_STRING_CATALOGS = YES;
				MARKETING_VERSION = 2.0.0;
				PRODUCT_BUNDLE_IDENTIFIER = com.brendanperry.sporadic.SporadicWidget;
				PRODUCT_NAME = "$(TARGET_NAME)";
				SKIP_INSTALL = YES;
				SWIFT_ACTIVE_COMPILATION_CONDITIONS = "DEBUG $(inherited)";
				SWIFT_EMIT_LOC_STRINGS = YES;
				SWIFT_VERSION = 5.0;
				TARGETED_DEVICE_FAMILY = "1,2";
			};
			name = Debug;
		};
		C6C424E22B26318C006C80DB /* Release */ = {
			isa = XCBuildConfiguration;
			buildSettings = {
				ASSETCATALOG_COMPILER_GENERATE_SWIFT_ASSET_SYMBOL_EXTENSIONS = YES;
				ASSETCATALOG_COMPILER_GLOBAL_ACCENT_COLOR_NAME = AccentColor;
				ASSETCATALOG_COMPILER_WIDGET_BACKGROUND_COLOR_NAME = WidgetBackground;
				CLANG_CXX_LANGUAGE_STANDARD = "gnu++20";
				CODE_SIGN_ENTITLEMENTS = SporadicWidgetExtension.entitlements;
				CODE_SIGN_IDENTITY = "Apple Development";
				CODE_SIGN_STYLE = Automatic;
				CURRENT_PROJECT_VERSION = 4;
				DEVELOPMENT_TEAM = K9JT8S56CG;
				ENABLE_USER_SCRIPT_SANDBOXING = YES;
				GCC_C_LANGUAGE_STANDARD = gnu17;
				GENERATE_INFOPLIST_FILE = YES;
				INFOPLIST_FILE = SporadicWidget/Info.plist;
				INFOPLIST_KEY_CFBundleDisplayName = SporadicWidget;
				INFOPLIST_KEY_NSHumanReadableCopyright = "";
				IPHONEOS_DEPLOYMENT_TARGET = 17.0;
				LD_RUNPATH_SEARCH_PATHS = (
					"$(inherited)",
					"@executable_path/Frameworks",
					"@executable_path/../../Frameworks",
				);
				LOCALIZATION_PREFERS_STRING_CATALOGS = YES;
				MARKETING_VERSION = 2.0.0;
				PRODUCT_BUNDLE_IDENTIFIER = com.brendanperry.sporadic.SporadicWidget;
				PRODUCT_NAME = "$(TARGET_NAME)";
				SKIP_INSTALL = YES;
				SWIFT_EMIT_LOC_STRINGS = YES;
				SWIFT_VERSION = 5.0;
				TARGETED_DEVICE_FAMILY = "1,2";
			};
			name = Release;
		};
/* End XCBuildConfiguration section */

/* Begin XCConfigurationList section */
		C630BE0A268D2D230066D8C3 /* Build configuration list for PBXNativeTarget "SporadicTests" */ = {
			isa = XCConfigurationList;
			buildConfigurations = (
				C630BE0B268D2D230066D8C3 /* Debug */,
				C630BE0C268D2D230066D8C3 /* Release */,
			);
			defaultConfigurationIsVisible = 0;
			defaultConfigurationName = Release;
		};
		C65A01F526870098007A5B2F /* Build configuration list for PBXProject "Sporadic" */ = {
			isa = XCConfigurationList;
			buildConfigurations = (
				C65A021D2687009A007A5B2F /* Debug */,
				C65A021E2687009A007A5B2F /* Release */,
			);
			defaultConfigurationIsVisible = 0;
			defaultConfigurationName = Release;
		};
		C65A021F2687009A007A5B2F /* Build configuration list for PBXNativeTarget "Sporadic" */ = {
			isa = XCConfigurationList;
			buildConfigurations = (
				C65A02202687009A007A5B2F /* Debug */,
				C65A02212687009A007A5B2F /* Release */,
			);
			defaultConfigurationIsVisible = 0;
			defaultConfigurationName = Release;
		};
		C6B5F2D12B9D51C7001A45D7 /* Build configuration list for PBXNativeTarget "OneSignalNotificationServiceExtension" */ = {
			isa = XCConfigurationList;
			buildConfigurations = (
				C6B5F2D22B9D51C7001A45D7 /* Debug */,
				C6B5F2D32B9D51C7001A45D7 /* Release */,
			);
			defaultConfigurationIsVisible = 0;
			defaultConfigurationName = Release;
		};
		C6C424E02B26318C006C80DB /* Build configuration list for PBXNativeTarget "SporadicWidgetExtension" */ = {
			isa = XCConfigurationList;
			buildConfigurations = (
				C6C424E12B26318C006C80DB /* Debug */,
				C6C424E22B26318C006C80DB /* Release */,
			);
			defaultConfigurationIsVisible = 0;
			defaultConfigurationName = Release;
		};
/* End XCConfigurationList section */

/* Begin XCRemoteSwiftPackageReference section */
		C65E6EFF2D361D15004CC347 /* XCRemoteSwiftPackageReference "RangeSlider" */ = {
			isa = XCRemoteSwiftPackageReference;
			repositoryURL = "https://github.com/brendanperry/RangeSlider";
			requirement = {
				kind = upToNextMajorVersion;
				minimumVersion = 1.0.1;
			};
		};
		C6B5F2DA2B9D530A001A45D7 /* XCRemoteSwiftPackageReference "OneSignal-XCFramework" */ = {
			isa = XCRemoteSwiftPackageReference;
			repositoryURL = "https://github.com/OneSignal/OneSignal-XCFramework";
			requirement = {
				kind = upToNextMajorVersion;
				minimumVersion = 5.1.3;
			};
		};
		C6F4569D299DDE0B003DD2F4 /* XCRemoteSwiftPackageReference "ConfettiSwiftUI" */ = {
			isa = XCRemoteSwiftPackageReference;
			repositoryURL = "https://github.com/simibac/ConfettiSwiftUI.git";
			requirement = {
				branch = master;
				kind = branch;
			};
		};
/* End XCRemoteSwiftPackageReference section */

/* Begin XCSwiftPackageProductDependency section */
		C65E6EFD2D3612DF004CC347 /* RangeSlider */ = {
			isa = XCSwiftPackageProductDependency;
			productName = RangeSlider;
		};
		C65E6F002D361D15004CC347 /* RangeSlider */ = {
			isa = XCSwiftPackageProductDependency;
			package = C65E6EFF2D361D15004CC347 /* XCRemoteSwiftPackageReference "RangeSlider" */;
			productName = RangeSlider;
		};
		C6B5F2DB2B9D530A001A45D7 /* OneSignalExtension */ = {
			isa = XCSwiftPackageProductDependency;
			package = C6B5F2DA2B9D530A001A45D7 /* XCRemoteSwiftPackageReference "OneSignal-XCFramework" */;
			productName = OneSignalExtension;
		};
		C6B5F2DD2B9D530A001A45D7 /* OneSignalFramework */ = {
			isa = XCSwiftPackageProductDependency;
			package = C6B5F2DA2B9D530A001A45D7 /* XCRemoteSwiftPackageReference "OneSignal-XCFramework" */;
			productName = OneSignalFramework;
		};
		C6B5F2DF2B9D5332001A45D7 /* OneSignalFramework */ = {
			isa = XCSwiftPackageProductDependency;
			package = C6B5F2DA2B9D530A001A45D7 /* XCRemoteSwiftPackageReference "OneSignal-XCFramework" */;
			productName = OneSignalFramework;
		};
		C6F4569E299DDE0B003DD2F4 /* ConfettiSwiftUI */ = {
			isa = XCSwiftPackageProductDependency;
			package = C6F4569D299DDE0B003DD2F4 /* XCRemoteSwiftPackageReference "ConfettiSwiftUI" */;
			productName = ConfettiSwiftUI;
		};
/* End XCSwiftPackageProductDependency section */
	};
	rootObject = C65A01F226870098007A5B2F /* Project object */;
}
