PODS:
  - Introspect (0.1.3)
  - SwiftLint (0.44.0)

DEPENDENCIES:
  - Introspect
  - SwiftLint

SPEC REPOS:
  trunk:
    - Introspect
    - SwiftLint

SPEC CHECKSUMS:
  Introspect: 2be020f30f084ada52bb4387fff83fa52c5c400e
  SwiftLint: e96c0a8c770c7ebbc4d36c55baf9096bb65c4584

PODFILE CHECKSUM: 9183299f68cf717dc35971017a839559a6a9dc95

COCOAPODS: 1.11.2
