{
  "originHash" : "573a49f64388cad5e7b12ee35b9a8e24b896bd4ee17a009c7d9af9b3d0b86821",
  "pins" : [
    {
      "identity" : "confettiswiftui",
      "kind" : "remoteSourceControl",
      "location" : "https://github.com/simibac/ConfettiSwiftUI.git",
      "state" : {
        "branch" : "master",
        "revision" : "469de4e43949815dc92570cc786922d8d1385b06"
      }
    },
    {
      "identity" : "onesignal-xcframework",
      "kind" : "remoteSourceControl",
      "location" : "https://github.com/OneSignal/OneSignal-XCFramework",
      "state" : {
        "revision" : "4b1006d361811aa8f1c4d2ae0fab94a18540ff75",
        "version" : "5.2.2"
      }
    }
  ],
  "version" : 3
}
