{
  "originHash" : "14f11f61eec990077a8b33f68c5eaaebac01e55d6cfde8f3210733b0b9ed3974",
  "pins" : [
    {
      "identity" : "confettiswiftui",
      "kind" : "remoteSourceControl",
      "location" : "https://github.com/simibac/ConfettiSwiftUI.git",
      "state" : {
        "branch" : "master",
        "revision" : "469de4e43949815dc92570cc786922d8d1385b06"
      }
    },
    {
      "identity" : "onesignal-xcframework",
      "kind" : "remoteSourceControl",
      "location" : "https://github.com/OneSignal/OneSignal-XCFramework",
      "state" : {
        "revision" : "4b1006d361811aa8f1c4d2ae0fab94a18540ff75",
        "version" : "5.2.2"
      }
    },
    {
      "identity" : "rangeslider",
      "kind" : "remoteSourceControl",
      "location" : "https://github.com/brendanperry/RangeSlider",
      "state" : {
        "revision" : "835e17514bbc5b3d995ba0e5cfc3d882f34b1044",
        "version" : "1.0.1"
      }
    }
  ],
  "version" : 3
}
